// !$*UTF8*$!
{
	archiveVersion = 1;
	classes = {
	};
	objectVersion = 46;
	objects = {

/* Begin PBXBuildFile section */
		1B11520A1EF8FD8600C0AA66 /* UIViewController+Tool.swift in Sources */ = {isa = PBXBuildFile; fileRef = 1B1152091EF8FD8600C0AA66 /* UIViewController+Tool.swift */; };
		1B11520C1EF91C0600C0AA66 /* PhotosLibraryController.swift in Sources */ = {isa = PBXBuildFile; fileRef = 1B11520B1EF91C0600C0AA66 /* PhotosLibraryController.swift */; };
		1B1CB0461EE78968000F37F1 /* WebViewController.swift in Sources */ = {isa = PBXBuildFile; fileRef = 1B1CB0451EE78968000F37F1 /* WebViewController.swift */; };
		1B1CB0481EE79004000F37F1 /* BannerScrollView.swift in Sources */ = {isa = PBXBuildFile; fileRef = 1B1CB0471EE79004000F37F1 /* BannerScrollView.swift */; };
		1B1D8DB51F0C835B0058A191 /* LiveInfoController.swift in Sources */ = {isa = PBXBuildFile; fileRef = 1B1D8DB41F0C835B0058A191 /* LiveInfoController.swift */; };
		1B1D8DB71F0C856B0058A191 /* BaseViewController.swift in Sources */ = {isa = PBXBuildFile; fileRef = 1B1D8DB61F0C856B0058A191 /* BaseViewController.swift */; };
		1B2DC70B1EFA052A00897F12 /* PhotosCollectionController.swift in Sources */ = {isa = PBXBuildFile; fileRef = 1B2DC70A1EFA052A00897F12 /* PhotosCollectionController.swift */; };
		1B468A5B1EF7CFD000AD8711 /* ScanQRCodeController.swift in Sources */ = {isa = PBXBuildFile; fileRef = 1B468A5A1EF7CFD000AD8711 /* ScanQRCodeController.swift */; };
		1B4D019E1EE7CD3F009AE905 /* ADModel.swift in Sources */ = {isa = PBXBuildFile; fileRef = 1B4D019D1EE7CD3F009AE905 /* ADModel.swift */; };
		1BF77C691EE644A800E945F3 /* Assets.xcassets in Resources */ = {isa = PBXBuildFile; fileRef = 1BF77C681EE644A800E945F3 /* Assets.xcassets */; };
		1BF77C6C1EE644A800E945F3 /* LaunchScreen.storyboard in Resources */ = {isa = PBXBuildFile; fileRef = 1BF77C6A1EE644A800E945F3 /* LaunchScreen.storyboard */; };
		1BF77C771EE644A800E945F3 /* FairyTests.swift in Sources */ = {isa = PBXBuildFile; fileRef = 1BF77C761EE644A800E945F3 /* FairyTests.swift */; };
		1BF77C831EE6473700E945F3 /* AppDelegate.swift in Sources */ = {isa = PBXBuildFile; fileRef = 1BF77C821EE6473700E945F3 /* AppDelegate.swift */; };
		1BF77C8A1EE647CC00E945F3 /* RootViewController.swift in Sources */ = {isa = PBXBuildFile; fileRef = 1BF77C891EE647CC00E945F3 /* RootViewController.swift */; };
		1BF77C8C1EE647E100E945F3 /* HomeViewController.swift in Sources */ = {isa = PBXBuildFile; fileRef = 1BF77C8B1EE647E100E945F3 /* HomeViewController.swift */; };
		1BF77C8E1EE647F400E945F3 /* UserViewController.swift in Sources */ = {isa = PBXBuildFile; fileRef = 1BF77C8D1EE647F400E945F3 /* UserViewController.swift */; };
		265D1A2EB5E885406FE90E1E /* Pods_Fairy.framework in Frameworks */ = {isa = PBXBuildFile; fileRef = E871622DF2A715E032058366 /* Pods_Fairy.framework */; };
		C4154FAC24A3217B0054F581 /* InfoPlist.strings in Resources */ = {isa = PBXBuildFile; fileRef = C4154FAE24A3217B0054F581 /* InfoPlist.strings */; };
		C4154FB124A34CE60054F581 /* UserModel.swift in Sources */ = {isa = PBXBuildFile; fileRef = C4154FB024A34CE60054F581 /* UserModel.swift */; };
		C4154FB324A34CF80054F581 /* UserManager.swift in Sources */ = {isa = PBXBuildFile; fileRef = C4154FB224A34CF80054F581 /* UserManager.swift */; };
		C4874839249A04A100CF7AF7 /* UserService.swift in Sources */ = {isa = PBXBuildFile; fileRef = C4874836249A04A100CF7AF7 /* UserService.swift */; };
		C487483A249A04A100CF7AF7 /* NetWorkManager.swift in Sources */ = {isa = PBXBuildFile; fileRef = C4874837249A04A100CF7AF7 /* NetWorkManager.swift */; };
		C487483B249A04A100CF7AF7 /* BaseService.swift in Sources */ = {isa = PBXBuildFile; fileRef = C4874838249A04A100CF7AF7 /* BaseService.swift */; };
		C4874843249A065600CF7AF7 /* SegmentView.swift in Sources */ = {isa = PBXBuildFile; fileRef = C487483D249A065500CF7AF7 /* SegmentView.swift */; };
		C4874844249A065600CF7AF7 /* UIView+Tool.swift in Sources */ = {isa = PBXBuildFile; fileRef = C487483E249A065500CF7AF7 /* UIView+Tool.swift */; };
		C4874845249A065600CF7AF7 /* UIImage+Tool.swift in Sources */ = {isa = PBXBuildFile; fileRef = C487483F249A065500CF7AF7 /* UIImage+Tool.swift */; };
		C4874846249A065600CF7AF7 /* Dictionary+Tool.swift in Sources */ = {isa = PBXBuildFile; fileRef = C4874840249A065500CF7AF7 /* Dictionary+Tool.swift */; };
		C4874847249A065600CF7AF7 /* String+Tool.swift in Sources */ = {isa = PBXBuildFile; fileRef = C4874841249A065500CF7AF7 /* String+Tool.swift */; };
		C4874848249A065600CF7AF7 /* UIColor+Tool.swift in Sources */ = {isa = PBXBuildFile; fileRef = C4874842249A065500CF7AF7 /* UIColor+Tool.swift */; };
		C487484A249A068100CF7AF7 /* AppTheme.swift in Sources */ = {isa = PBXBuildFile; fileRef = C4874849249A068000CF7AF7 /* AppTheme.swift */; };
		C4874874249A0DBC00CF7AF7 /* KSChartConfigure.swift in Sources */ = {isa = PBXBuildFile; fileRef = C487484D249A0DBB00CF7AF7 /* KSChartConfigure.swift */; };
		C4874875249A0DBC00CF7AF7 /* KSChartStyles.swift in Sources */ = {isa = PBXBuildFile; fileRef = C487484E249A0DBB00CF7AF7 /* KSChartStyles.swift */; };
		C4874876249A0DBC00CF7AF7 /* KSSeriesParam.swift in Sources */ = {isa = PBXBuildFile; fileRef = C487484F249A0DBB00CF7AF7 /* KSSeriesParam.swift */; };
		C4874877249A0DBC00CF7AF7 /* KSConstValue.swift in Sources */ = {isa = PBXBuildFile; fileRef = C4874851249A0DBB00CF7AF7 /* KSConstValue.swift */; };
		C4874878249A0DBC00CF7AF7 /* KSBaseView.swift in Sources */ = {isa = PBXBuildFile; fileRef = C4874852249A0DBB00CF7AF7 /* KSBaseView.swift */; };
		C4874879249A0DBC00CF7AF7 /* KSLayer.swift in Sources */ = {isa = PBXBuildFile; fileRef = C4874855249A0DBB00CF7AF7 /* KSLayer.swift */; };
		C487487A249A0DBC00CF7AF7 /* KSSection.swift in Sources */ = {isa = PBXBuildFile; fileRef = C4874856249A0DBB00CF7AF7 /* KSSection.swift */; };
		C487487B249A0DBC00CF7AF7 /* KSSeries.swift in Sources */ = {isa = PBXBuildFile; fileRef = C4874857249A0DBB00CF7AF7 /* KSSeries.swift */; };
		C487487C249A0DBC00CF7AF7 /* KSDynamicItem.swift in Sources */ = {isa = PBXBuildFile; fileRef = C4874858249A0DBB00CF7AF7 /* KSDynamicItem.swift */; };
		C487487D249A0DBC00CF7AF7 /* KSKLineChartStyle.swift in Sources */ = {isa = PBXBuildFile; fileRef = C4874859249A0DBB00CF7AF7 /* KSKLineChartStyle.swift */; };
		C487487E249A0DBC00CF7AF7 /* KSLetValue.swift in Sources */ = {isa = PBXBuildFile; fileRef = C487485A249A0DBB00CF7AF7 /* KSLetValue.swift */; };
		C487487F249A0DBC00CF7AF7 /* KSExtension.swift in Sources */ = {isa = PBXBuildFile; fileRef = C487485B249A0DBB00CF7AF7 /* KSExtension.swift */; };
		C4874880249A0DBC00CF7AF7 /* KSCalculator.swift in Sources */ = {isa = PBXBuildFile; fileRef = C487485C249A0DBB00CF7AF7 /* KSCalculator.swift */; };
		C4874881249A0DBC00CF7AF7 /* KSChartModel.swift in Sources */ = {isa = PBXBuildFile; fileRef = C487485D249A0DBB00CF7AF7 /* KSChartModel.swift */; };
		C4874882249A0DBC00CF7AF7 /* KSAxisModel.swift in Sources */ = {isa = PBXBuildFile; fileRef = C487485E249A0DBB00CF7AF7 /* KSAxisModel.swift */; };
		C4874883249A0DBC00CF7AF7 /* KSKLineChart.swift in Sources */ = {isa = PBXBuildFile; fileRef = C487485F249A0DBB00CF7AF7 /* KSKLineChart.swift */; };
		C4874884249A0DBC00CF7AF7 /* KSSeries+Extensions.swift in Sources */ = {isa = PBXBuildFile; fileRef = C4874862249A0DBB00CF7AF7 /* KSSeries+Extensions.swift */; };
		C4874885249A0DBC00CF7AF7 /* KSChartModel+Extensions.swift in Sources */ = {isa = PBXBuildFile; fileRef = C4874863249A0DBB00CF7AF7 /* KSChartModel+Extensions.swift */; };
		C4874886249A0DBC00CF7AF7 /* Double+KSExtensions.swift in Sources */ = {isa = PBXBuildFile; fileRef = C4874865249A0DBB00CF7AF7 /* Double+KSExtensions.swift */; };
		C4874887249A0DBC00CF7AF7 /* String+KSExtensions.swift in Sources */ = {isa = PBXBuildFile; fileRef = C4874866249A0DBB00CF7AF7 /* String+KSExtensions.swift */; };
		C4874888249A0DBC00CF7AF7 /* Date+KSExtensions.swift in Sources */ = {isa = PBXBuildFile; fileRef = C4874867249A0DBB00CF7AF7 /* Date+KSExtensions.swift */; };
		C4874889249A0DBC00CF7AF7 /* CGFloat+KSExtensions.swift in Sources */ = {isa = PBXBuildFile; fileRef = C4874868249A0DBB00CF7AF7 /* CGFloat+KSExtensions.swift */; };
		C487488A249A0DBC00CF7AF7 /* UIColor+KSExtensions.swift in Sources */ = {isa = PBXBuildFile; fileRef = C4874869249A0DBB00CF7AF7 /* UIColor+KSExtensions.swift */; };
		C487488B249A0DBC00CF7AF7 /* KSTimeChartModel.swift in Sources */ = {isa = PBXBuildFile; fileRef = C487486B249A0DBB00CF7AF7 /* KSTimeChartModel.swift */; };
		C487488C249A0DBC00CF7AF7 /* KSBollModel.swift in Sources */ = {isa = PBXBuildFile; fileRef = C487486C249A0DBB00CF7AF7 /* KSBollModel.swift */; };
		C487488D249A0DBC00CF7AF7 /* ContractInfo.swift in Sources */ = {isa = PBXBuildFile; fileRef = C487486E249A0DBB00CF7AF7 /* ContractInfo.swift */; };
		C487488E249A0DBC00CF7AF7 /* DataBase.swift in Sources */ = {isa = PBXBuildFile; fileRef = C487486F249A0DBB00CF7AF7 /* DataBase.swift */; };
		C487488F249A0DBC00CF7AF7 /* MarketManager.swift in Sources */ = {isa = PBXBuildFile; fileRef = C4874871249A0DBC00CF7AF7 /* MarketManager.swift */; };
		C4874890249A0DBC00CF7AF7 /* MarketConfigure.swift in Sources */ = {isa = PBXBuildFile; fileRef = C4874872249A0DBC00CF7AF7 /* MarketConfigure.swift */; };
		C4874891249A0DBC00CF7AF7 /* SocketManager.swift in Sources */ = {isa = PBXBuildFile; fileRef = C4874873249A0DBC00CF7AF7 /* SocketManager.swift */; };
		C487489B249A113C00CF7AF7 /* MarketTicker.swift in Sources */ = {isa = PBXBuildFile; fileRef = C4874893249A113C00CF7AF7 /* MarketTicker.swift */; };
		C487489C249A113C00CF7AF7 /* CFDLineController.swift in Sources */ = {isa = PBXBuildFile; fileRef = C4874894249A113C00CF7AF7 /* CFDLineController.swift */; };
		C487489D249A113C00CF7AF7 /* CFDViewController.swift in Sources */ = {isa = PBXBuildFile; fileRef = C4874895249A113C00CF7AF7 /* CFDViewController.swift */; };
		C487489E249A113C00CF7AF7 /* CFDListView.swift in Sources */ = {isa = PBXBuildFile; fileRef = C4874897249A113C00CF7AF7 /* CFDListView.swift */; };
		C487489F249A113C00CF7AF7 /* CFDListViewCell.swift in Sources */ = {isa = PBXBuildFile; fileRef = C4874898249A113C00CF7AF7 /* CFDListViewCell.swift */; };
		C48748A0249A113C00CF7AF7 /* CFDListViewCell.xib in Resources */ = {isa = PBXBuildFile; fileRef = C4874899249A113C00CF7AF7 /* CFDListViewCell.xib */; };
		C48748A1249A113C00CF7AF7 /* KSKChartView.swift in Sources */ = {isa = PBXBuildFile; fileRef = C487489A249A113C00CF7AF7 /* KSKChartView.swift */; };
		C48748AA249A11E200CF7AF7 /* ShowAssetView.swift in Sources */ = {isa = PBXBuildFile; fileRef = C48748A8249A11E200CF7AF7 /* ShowAssetView.swift */; };
		C48748AB249A11E200CF7AF7 /* ShowAssetView.xib in Resources */ = {isa = PBXBuildFile; fileRef = C48748A9249A11E200CF7AF7 /* ShowAssetView.xib */; };
		C48748B0249A122700CF7AF7 /* LaunchViewController.xib in Resources */ = {isa = PBXBuildFile; fileRef = C48748AE249A122700CF7AF7 /* LaunchViewController.xib */; };
		C48748B1249A122700CF7AF7 /* LaunchViewController.swift in Sources */ = {isa = PBXBuildFile; fileRef = C48748AF249A122700CF7AF7 /* LaunchViewController.swift */; };
		C48748B3249A140E00CF7AF7 /* MiaoService.swift in Sources */ = {isa = PBXBuildFile; fileRef = C48748B2249A140E00CF7AF7 /* MiaoService.swift */; };
		C49D7DD624A18B4900952D53 /* LoginViewController.xib in Resources */ = {isa = PBXBuildFile; fileRef = C49D7DD424A18B4900952D53 /* LoginViewController.xib */; };
		C49D7DD724A18B4900952D53 /* LoginViewController.swift in Sources */ = {isa = PBXBuildFile; fileRef = C49D7DD524A18B4900952D53 /* LoginViewController.swift */; };
/* End PBXBuildFile section */

/* Begin PBXContainerItemProxy section */
		1BF77C731EE644A800E945F3 /* PBXContainerItemProxy */ = {
			isa = PBXContainerItemProxy;
			containerPortal = 1BF77C561EE644A800E945F3 /* Project object */;
			proxyType = 1;
			remoteGlobalIDString = 1BF77C5D1EE644A800E945F3;
			remoteInfo = Fairy;
		};
/* End PBXContainerItemProxy section */

/* Begin PBXFileReference section */
		1B1152091EF8FD8600C0AA66 /* UIViewController+Tool.swift */ = {isa = PBXFileReference; fileEncoding = 4; lastKnownFileType = sourcecode.swift; path = "UIViewController+Tool.swift"; sourceTree = "<group>"; };
		1B11520B1EF91C0600C0AA66 /* PhotosLibraryController.swift */ = {isa = PBXFileReference; fileEncoding = 4; lastKnownFileType = sourcecode.swift; path = PhotosLibraryController.swift; sourceTree = "<group>"; };
		1B1CB0451EE78968000F37F1 /* WebViewController.swift */ = {isa = PBXFileReference; fileEncoding = 4; lastKnownFileType = sourcecode.swift; path = WebViewController.swift; sourceTree = "<group>"; };
		1B1CB0471EE79004000F37F1 /* BannerScrollView.swift */ = {isa = PBXFileReference; fileEncoding = 4; lastKnownFileType = sourcecode.swift; path = BannerScrollView.swift; sourceTree = "<group>"; };
		1B1D8DB41F0C835B0058A191 /* LiveInfoController.swift */ = {isa = PBXFileReference; fileEncoding = 4; lastKnownFileType = sourcecode.swift; path = LiveInfoController.swift; sourceTree = "<group>"; };
		1B1D8DB61F0C856B0058A191 /* BaseViewController.swift */ = {isa = PBXFileReference; fileEncoding = 4; lastKnownFileType = sourcecode.swift; path = BaseViewController.swift; sourceTree = "<group>"; };
		1B2DC70A1EFA052A00897F12 /* PhotosCollectionController.swift */ = {isa = PBXFileReference; fileEncoding = 4; lastKnownFileType = sourcecode.swift; path = PhotosCollectionController.swift; sourceTree = "<group>"; };
		1B468A5A1EF7CFD000AD8711 /* ScanQRCodeController.swift */ = {isa = PBXFileReference; fileEncoding = 4; lastKnownFileType = sourcecode.swift; path = ScanQRCodeController.swift; sourceTree = "<group>"; };
		1B4D019D1EE7CD3F009AE905 /* ADModel.swift */ = {isa = PBXFileReference; fileEncoding = 4; lastKnownFileType = sourcecode.swift; path = ADModel.swift; sourceTree = "<group>"; };
		1BF77C5E1EE644A800E945F3 /* Fairy.app */ = {isa = PBXFileReference; explicitFileType = wrapper.application; includeInIndex = 0; path = Fairy.app; sourceTree = BUILT_PRODUCTS_DIR; };
		1BF77C681EE644A800E945F3 /* Assets.xcassets */ = {isa = PBXFileReference; lastKnownFileType = folder.assetcatalog; name = Assets.xcassets; path = ../Assets.xcassets; sourceTree = "<group>"; };
		1BF77C6B1EE644A800E945F3 /* Base */ = {isa = PBXFileReference; lastKnownFileType = file.storyboard; name = Base; path = Base.lproj/LaunchScreen.storyboard; sourceTree = "<group>"; };
		1BF77C721EE644A800E945F3 /* FairyTests.xctest */ = {isa = PBXFileReference; explicitFileType = wrapper.cfbundle; includeInIndex = 0; path = FairyTests.xctest; sourceTree = BUILT_PRODUCTS_DIR; };
		1BF77C761EE644A800E945F3 /* FairyTests.swift */ = {isa = PBXFileReference; lastKnownFileType = sourcecode.swift; path = FairyTests.swift; sourceTree = "<group>"; };
		1BF77C781EE644A800E945F3 /* Info.plist */ = {isa = PBXFileReference; lastKnownFileType = text.plist.xml; path = Info.plist; sourceTree = "<group>"; };
		1BF77C821EE6473700E945F3 /* AppDelegate.swift */ = {isa = PBXFileReference; fileEncoding = 4; lastKnownFileType = sourcecode.swift; path = AppDelegate.swift; sourceTree = "<group>"; };
		1BF77C891EE647CC00E945F3 /* RootViewController.swift */ = {isa = PBXFileReference; fileEncoding = 4; lastKnownFileType = sourcecode.swift; path = RootViewController.swift; sourceTree = "<group>"; };
		1BF77C8B1EE647E100E945F3 /* HomeViewController.swift */ = {isa = PBXFileReference; fileEncoding = 4; lastKnownFileType = sourcecode.swift; path = HomeViewController.swift; sourceTree = "<group>"; };
		1BF77C8D1EE647F400E945F3 /* UserViewController.swift */ = {isa = PBXFileReference; fileEncoding = 4; lastKnownFileType = sourcecode.swift; path = UserViewController.swift; sourceTree = "<group>"; };
		66FFEC948F9DB1C8CF0799BC /* Pods-Fairy.release.xcconfig */ = {isa = PBXFileReference; includeInIndex = 1; lastKnownFileType = text.xcconfig; name = "Pods-Fairy.release.xcconfig"; path = "Pods/Target Support Files/Pods-Fairy/Pods-Fairy.release.xcconfig"; sourceTree = "<group>"; };
		B825A2CA40F99F2EF8DD2BF1 /* Pods-Fairy.debug.xcconfig */ = {isa = PBXFileReference; includeInIndex = 1; lastKnownFileType = text.xcconfig; name = "Pods-Fairy.debug.xcconfig"; path = "Pods/Target Support Files/Pods-Fairy/Pods-Fairy.debug.xcconfig"; sourceTree = "<group>"; };
		C4154FA624A31FC80054F581 /* Info.plist */ = {isa = PBXFileReference; fileEncoding = 4; lastKnownFileType = text.plist.xml; path = Info.plist; sourceTree = "<group>"; };
		C4154FAD24A3217B0054F581 /* en */ = {isa = PBXFileReference; lastKnownFileType = text.plist.strings; name = en; path = en.lproj/InfoPlist.strings; sourceTree = "<group>"; };
		C4154FAF24A3218D0054F581 /* zh-Hans */ = {isa = PBXFileReference; lastKnownFileType = text.plist.strings; name = "zh-Hans"; path = "zh-Hans.lproj/InfoPlist.strings"; sourceTree = "<group>"; };
		C4154FB024A34CE60054F581 /* UserModel.swift */ = {isa = PBXFileReference; lastKnownFileType = sourcecode.swift; path = UserModel.swift; sourceTree = "<group>"; };
		C4154FB224A34CF80054F581 /* UserManager.swift */ = {isa = PBXFileReference; lastKnownFileType = sourcecode.swift; path = UserManager.swift; sourceTree = "<group>"; };
		C4874836249A04A100CF7AF7 /* UserService.swift */ = {isa = PBXFileReference; fileEncoding = 4; lastKnownFileType = sourcecode.swift; path = UserService.swift; sourceTree = "<group>"; };
		C4874837249A04A100CF7AF7 /* NetWorkManager.swift */ = {isa = PBXFileReference; fileEncoding = 4; lastKnownFileType = sourcecode.swift; path = NetWorkManager.swift; sourceTree = "<group>"; };
		C4874838249A04A100CF7AF7 /* BaseService.swift */ = {isa = PBXFileReference; fileEncoding = 4; lastKnownFileType = sourcecode.swift; path = BaseService.swift; sourceTree = "<group>"; };
		C487483D249A065500CF7AF7 /* SegmentView.swift */ = {isa = PBXFileReference; fileEncoding = 4; lastKnownFileType = sourcecode.swift; path = SegmentView.swift; sourceTree = "<group>"; };
		C487483E249A065500CF7AF7 /* UIView+Tool.swift */ = {isa = PBXFileReference; fileEncoding = 4; lastKnownFileType = sourcecode.swift; path = "UIView+Tool.swift"; sourceTree = "<group>"; };
		C487483F249A065500CF7AF7 /* UIImage+Tool.swift */ = {isa = PBXFileReference; fileEncoding = 4; lastKnownFileType = sourcecode.swift; path = "UIImage+Tool.swift"; sourceTree = "<group>"; };
		C4874840249A065500CF7AF7 /* Dictionary+Tool.swift */ = {isa = PBXFileReference; fileEncoding = 4; lastKnownFileType = sourcecode.swift; path = "Dictionary+Tool.swift"; sourceTree = "<group>"; };
		C4874841249A065500CF7AF7 /* String+Tool.swift */ = {isa = PBXFileReference; fileEncoding = 4; lastKnownFileType = sourcecode.swift; path = "String+Tool.swift"; sourceTree = "<group>"; };
		C4874842249A065500CF7AF7 /* UIColor+Tool.swift */ = {isa = PBXFileReference; fileEncoding = 4; lastKnownFileType = sourcecode.swift; path = "UIColor+Tool.swift"; sourceTree = "<group>"; };
		C4874849249A068000CF7AF7 /* AppTheme.swift */ = {isa = PBXFileReference; fileEncoding = 4; lastKnownFileType = sourcecode.swift; path = AppTheme.swift; sourceTree = "<group>"; };
		C487484D249A0DBB00CF7AF7 /* KSChartConfigure.swift */ = {isa = PBXFileReference; fileEncoding = 4; lastKnownFileType = sourcecode.swift; path = KSChartConfigure.swift; sourceTree = "<group>"; };
		C487484E249A0DBB00CF7AF7 /* KSChartStyles.swift */ = {isa = PBXFileReference; fileEncoding = 4; lastKnownFileType = sourcecode.swift; path = KSChartStyles.swift; sourceTree = "<group>"; };
		C487484F249A0DBB00CF7AF7 /* KSSeriesParam.swift */ = {isa = PBXFileReference; fileEncoding = 4; lastKnownFileType = sourcecode.swift; path = KSSeriesParam.swift; sourceTree = "<group>"; };
		C4874851249A0DBB00CF7AF7 /* KSConstValue.swift */ = {isa = PBXFileReference; fileEncoding = 4; lastKnownFileType = sourcecode.swift; path = KSConstValue.swift; sourceTree = "<group>"; };
		C4874852249A0DBB00CF7AF7 /* KSBaseView.swift */ = {isa = PBXFileReference; fileEncoding = 4; lastKnownFileType = sourcecode.swift; path = KSBaseView.swift; sourceTree = "<group>"; };
		C4874855249A0DBB00CF7AF7 /* KSLayer.swift */ = {isa = PBXFileReference; fileEncoding = 4; lastKnownFileType = sourcecode.swift; path = KSLayer.swift; sourceTree = "<group>"; };
		C4874856249A0DBB00CF7AF7 /* KSSection.swift */ = {isa = PBXFileReference; fileEncoding = 4; lastKnownFileType = sourcecode.swift; path = KSSection.swift; sourceTree = "<group>"; };
		C4874857249A0DBB00CF7AF7 /* KSSeries.swift */ = {isa = PBXFileReference; fileEncoding = 4; lastKnownFileType = sourcecode.swift; path = KSSeries.swift; sourceTree = "<group>"; };
		C4874858249A0DBB00CF7AF7 /* KSDynamicItem.swift */ = {isa = PBXFileReference; fileEncoding = 4; lastKnownFileType = sourcecode.swift; path = KSDynamicItem.swift; sourceTree = "<group>"; };
		C4874859249A0DBB00CF7AF7 /* KSKLineChartStyle.swift */ = {isa = PBXFileReference; fileEncoding = 4; lastKnownFileType = sourcecode.swift; path = KSKLineChartStyle.swift; sourceTree = "<group>"; };
		C487485A249A0DBB00CF7AF7 /* KSLetValue.swift */ = {isa = PBXFileReference; fileEncoding = 4; lastKnownFileType = sourcecode.swift; path = KSLetValue.swift; sourceTree = "<group>"; };
		C487485B249A0DBB00CF7AF7 /* KSExtension.swift */ = {isa = PBXFileReference; fileEncoding = 4; lastKnownFileType = sourcecode.swift; path = KSExtension.swift; sourceTree = "<group>"; };
		C487485C249A0DBB00CF7AF7 /* KSCalculator.swift */ = {isa = PBXFileReference; fileEncoding = 4; lastKnownFileType = sourcecode.swift; path = KSCalculator.swift; sourceTree = "<group>"; };
		C487485D249A0DBB00CF7AF7 /* KSChartModel.swift */ = {isa = PBXFileReference; fileEncoding = 4; lastKnownFileType = sourcecode.swift; path = KSChartModel.swift; sourceTree = "<group>"; };
		C487485E249A0DBB00CF7AF7 /* KSAxisModel.swift */ = {isa = PBXFileReference; fileEncoding = 4; lastKnownFileType = sourcecode.swift; path = KSAxisModel.swift; sourceTree = "<group>"; };
		C487485F249A0DBB00CF7AF7 /* KSKLineChart.swift */ = {isa = PBXFileReference; fileEncoding = 4; lastKnownFileType = sourcecode.swift; path = KSKLineChart.swift; sourceTree = "<group>"; };
		C4874862249A0DBB00CF7AF7 /* KSSeries+Extensions.swift */ = {isa = PBXFileReference; fileEncoding = 4; lastKnownFileType = sourcecode.swift; path = "KSSeries+Extensions.swift"; sourceTree = "<group>"; };
		C4874863249A0DBB00CF7AF7 /* KSChartModel+Extensions.swift */ = {isa = PBXFileReference; fileEncoding = 4; lastKnownFileType = sourcecode.swift; path = "KSChartModel+Extensions.swift"; sourceTree = "<group>"; };
		C4874865249A0DBB00CF7AF7 /* Double+KSExtensions.swift */ = {isa = PBXFileReference; fileEncoding = 4; lastKnownFileType = sourcecode.swift; path = "Double+KSExtensions.swift"; sourceTree = "<group>"; };
		C4874866249A0DBB00CF7AF7 /* String+KSExtensions.swift */ = {isa = PBXFileReference; fileEncoding = 4; lastKnownFileType = sourcecode.swift; path = "String+KSExtensions.swift"; sourceTree = "<group>"; };
		C4874867249A0DBB00CF7AF7 /* Date+KSExtensions.swift */ = {isa = PBXFileReference; fileEncoding = 4; lastKnownFileType = sourcecode.swift; path = "Date+KSExtensions.swift"; sourceTree = "<group>"; };
		C4874868249A0DBB00CF7AF7 /* CGFloat+KSExtensions.swift */ = {isa = PBXFileReference; fileEncoding = 4; lastKnownFileType = sourcecode.swift; path = "CGFloat+KSExtensions.swift"; sourceTree = "<group>"; };
		C4874869249A0DBB00CF7AF7 /* UIColor+KSExtensions.swift */ = {isa = PBXFileReference; fileEncoding = 4; lastKnownFileType = sourcecode.swift; path = "UIColor+KSExtensions.swift"; sourceTree = "<group>"; };
		C487486B249A0DBB00CF7AF7 /* KSTimeChartModel.swift */ = {isa = PBXFileReference; fileEncoding = 4; lastKnownFileType = sourcecode.swift; path = KSTimeChartModel.swift; sourceTree = "<group>"; };
		C487486C249A0DBB00CF7AF7 /* KSBollModel.swift */ = {isa = PBXFileReference; fileEncoding = 4; lastKnownFileType = sourcecode.swift; path = KSBollModel.swift; sourceTree = "<group>"; };
		C487486E249A0DBB00CF7AF7 /* ContractInfo.swift */ = {isa = PBXFileReference; fileEncoding = 4; lastKnownFileType = sourcecode.swift; path = ContractInfo.swift; sourceTree = "<group>"; };
		C487486F249A0DBB00CF7AF7 /* DataBase.swift */ = {isa = PBXFileReference; fileEncoding = 4; lastKnownFileType = sourcecode.swift; path = DataBase.swift; sourceTree = "<group>"; };
		C4874871249A0DBC00CF7AF7 /* MarketManager.swift */ = {isa = PBXFileReference; fileEncoding = 4; lastKnownFileType = sourcecode.swift; path = MarketManager.swift; sourceTree = "<group>"; };
		C4874872249A0DBC00CF7AF7 /* MarketConfigure.swift */ = {isa = PBXFileReference; fileEncoding = 4; lastKnownFileType = sourcecode.swift; path = MarketConfigure.swift; sourceTree = "<group>"; };
		C4874873249A0DBC00CF7AF7 /* SocketManager.swift */ = {isa = PBXFileReference; fileEncoding = 4; lastKnownFileType = sourcecode.swift; path = SocketManager.swift; sourceTree = "<group>"; };
		C4874893249A113C00CF7AF7 /* MarketTicker.swift */ = {isa = PBXFileReference; fileEncoding = 4; lastKnownFileType = sourcecode.swift; path = MarketTicker.swift; sourceTree = "<group>"; };
		C4874894249A113C00CF7AF7 /* CFDLineController.swift */ = {isa = PBXFileReference; fileEncoding = 4; lastKnownFileType = sourcecode.swift; path = CFDLineController.swift; sourceTree = "<group>"; };
		C4874895249A113C00CF7AF7 /* CFDViewController.swift */ = {isa = PBXFileReference; fileEncoding = 4; lastKnownFileType = sourcecode.swift; path = CFDViewController.swift; sourceTree = "<group>"; };
		C4874897249A113C00CF7AF7 /* CFDListView.swift */ = {isa = PBXFileReference; fileEncoding = 4; lastKnownFileType = sourcecode.swift; path = CFDListView.swift; sourceTree = "<group>"; };
		C4874898249A113C00CF7AF7 /* CFDListViewCell.swift */ = {isa = PBXFileReference; fileEncoding = 4; lastKnownFileType = sourcecode.swift; path = CFDListViewCell.swift; sourceTree = "<group>"; };
		C4874899249A113C00CF7AF7 /* CFDListViewCell.xib */ = {isa = PBXFileReference; fileEncoding = 4; lastKnownFileType = file.xib; path = CFDListViewCell.xib; sourceTree = "<group>"; };
		C487489A249A113C00CF7AF7 /* KSKChartView.swift */ = {isa = PBXFileReference; fileEncoding = 4; lastKnownFileType = sourcecode.swift; path = KSKChartView.swift; sourceTree = "<group>"; };
		C48748A8249A11E200CF7AF7 /* ShowAssetView.swift */ = {isa = PBXFileReference; fileEncoding = 4; lastKnownFileType = sourcecode.swift; path = ShowAssetView.swift; sourceTree = "<group>"; };
		C48748A9249A11E200CF7AF7 /* ShowAssetView.xib */ = {isa = PBXFileReference; fileEncoding = 4; lastKnownFileType = file.xib; path = ShowAssetView.xib; sourceTree = "<group>"; };
		C48748AE249A122700CF7AF7 /* LaunchViewController.xib */ = {isa = PBXFileReference; fileEncoding = 4; lastKnownFileType = file.xib; path = LaunchViewController.xib; sourceTree = "<group>"; };
		C48748AF249A122700CF7AF7 /* LaunchViewController.swift */ = {isa = PBXFileReference; fileEncoding = 4; lastKnownFileType = sourcecode.swift; path = LaunchViewController.swift; sourceTree = "<group>"; };
		C48748B2249A140E00CF7AF7 /* MiaoService.swift */ = {isa = PBXFileReference; lastKnownFileType = sourcecode.swift; path = MiaoService.swift; sourceTree = "<group>"; };
		C49D7DD424A18B4900952D53 /* LoginViewController.xib */ = {isa = PBXFileReference; fileEncoding = 4; lastKnownFileType = file.xib; path = LoginViewController.xib; sourceTree = "<group>"; };
		C49D7DD524A18B4900952D53 /* LoginViewController.swift */ = {isa = PBXFileReference; fileEncoding = 4; lastKnownFileType = sourcecode.swift; path = LoginViewController.swift; sourceTree = "<group>"; };
		E871622DF2A715E032058366 /* Pods_Fairy.framework */ = {isa = PBXFileReference; explicitFileType = wrapper.framework; includeInIndex = 0; path = Pods_Fairy.framework; sourceTree = BUILT_PRODUCTS_DIR; };
/* End PBXFileReference section */

/* Begin PBXFrameworksBuildPhase section */
		1BF77C5B1EE644A800E945F3 /* Frameworks */ = {
			isa = PBXFrameworksBuildPhase;
			buildActionMask = 2147483647;
			files = (
				265D1A2EB5E885406FE90E1E /* Pods_Fairy.framework in Frameworks */,
			);
			runOnlyForDeploymentPostprocessing = 0;
		};
		1BF77C6F1EE644A800E945F3 /* Frameworks */ = {
			isa = PBXFrameworksBuildPhase;
			buildActionMask = 2147483647;
			files = (
			);
			runOnlyForDeploymentPostprocessing = 0;
		};
/* End PBXFrameworksBuildPhase section */

/* Begin PBXGroup section */
		1B1CB0441EE78942000F37F1 /* Common */ = {
			isa = PBXGroup;
			children = (
				1B1CB0451EE78968000F37F1 /* WebViewController.swift */,
			);
			path = Common;
			sourceTree = "<group>";
		};
		1BF77C551EE644A800E945F3 = {
			isa = PBXGroup;
			children = (
				1BF77C601EE644A800E945F3 /* Fairy */,
				1BF77C751EE644A800E945F3 /* FairyTests */,
				1BF77C5F1EE644A800E945F3 /* Products */,
				296D8D7B34F43C0B60E238D2 /* Pods */,
				82142B820FF8DBE9C996F574 /* Frameworks */,
			);
			sourceTree = "<group>";
		};
		1BF77C5F1EE644A800E945F3 /* Products */ = {
			isa = PBXGroup;
			children = (
				1BF77C5E1EE644A800E945F3 /* Fairy.app */,
				1BF77C721EE644A800E945F3 /* FairyTests.xctest */,
			);
			name = Products;
			sourceTree = "<group>";
		};
		1BF77C601EE644A800E945F3 /* Fairy */ = {
			isa = PBXGroup;
			children = (
				1BF77C811EE6473700E945F3 /* App */,
				1BF77C841EE647A400E945F3 /* Class */,
				1BF77C941EE64FE400E945F3 /* Vendor */,
			);
			path = Fairy;
			sourceTree = "<group>";
		};
		1BF77C751EE644A800E945F3 /* FairyTests */ = {
			isa = PBXGroup;
			children = (
				1BF77C761EE644A800E945F3 /* FairyTests.swift */,
				1BF77C781EE644A800E945F3 /* Info.plist */,
			);
			path = FairyTests;
			sourceTree = "<group>";
		};
		1BF77C811EE6473700E945F3 /* App */ = {
			isa = PBXGroup;
			children = (
				1BF77C821EE6473700E945F3 /* AppDelegate.swift */,
				C4874849249A068000CF7AF7 /* AppTheme.swift */,
				1BF77C681EE644A800E945F3 /* Assets.xcassets */,
				1B1D8DB61F0C856B0058A191 /* BaseViewController.swift */,
				C4154FA624A31FC80054F581 /* Info.plist */,
				1BF77C6A1EE644A800E945F3 /* LaunchScreen.storyboard */,
				C48748AF249A122700CF7AF7 /* LaunchViewController.swift */,
				C48748AE249A122700CF7AF7 /* LaunchViewController.xib */,
				1BF77C891EE647CC00E945F3 /* RootViewController.swift */,
				C4154FAE24A3217B0054F581 /* InfoPlist.strings */,
			);
			path = App;
			sourceTree = "<group>";
		};
		1BF77C841EE647A400E945F3 /* Class */ = {
			isa = PBXGroup;
			children = (
				C4874892249A113C00CF7AF7 /* CFD(差价) */,
				1B1CB0441EE78942000F37F1 /* Common */,
				1BF77C851EE647A400E945F3 /* Home */,
				C49D7DD324A18B4900952D53 /* Login(登录) */,
				1BF77C871EE647A400E945F3 /* User */,
			);
			path = Class;
			sourceTree = "<group>";
		};
		1BF77C851EE647A400E945F3 /* Home */ = {
			isa = PBXGroup;
			children = (
				1BF77C861EE647A400E945F3 /* Controller */,
				C48748A4249A11A500CF7AF7 /* model */,
				C48748A7249A11CB00CF7AF7 /* view */,
			);
			path = Home;
			sourceTree = "<group>";
		};
		1BF77C861EE647A400E945F3 /* Controller */ = {
			isa = PBXGroup;
			children = (
				1BF77C8B1EE647E100E945F3 /* HomeViewController.swift */,
				1B1D8DB41F0C835B0058A191 /* LiveInfoController.swift */,
			);
			path = Controller;
			sourceTree = "<group>";
		};
		1BF77C871EE647A400E945F3 /* User */ = {
			isa = PBXGroup;
			children = (
				1BF77C881EE647A400E945F3 /* Controller */,
				C4154FB024A34CE60054F581 /* UserModel.swift */,
				C4154FB224A34CF80054F581 /* UserManager.swift */,
			);
			path = User;
			sourceTree = "<group>";
		};
		1BF77C881EE647A400E945F3 /* Controller */ = {
			isa = PBXGroup;
			children = (
				1B2DC70A1EFA052A00897F12 /* PhotosCollectionController.swift */,
				1B11520B1EF91C0600C0AA66 /* PhotosLibraryController.swift */,
				1B468A5A1EF7CFD000AD8711 /* ScanQRCodeController.swift */,
				1BF77C8D1EE647F400E945F3 /* UserViewController.swift */,
			);
			path = Controller;
			sourceTree = "<group>";
		};
		1BF77C941EE64FE400E945F3 /* Vendor */ = {
			isa = PBXGroup;
			children = (
				C487483C249A065500CF7AF7 /* Category */,
				C487484B249A0DBB00CF7AF7 /* ChartView */,
				C487486D249A0DBB00CF7AF7 /* DataBase */,
				C4874870249A0DBC00CF7AF7 /* Market */,
				C4874835249A04A100CF7AF7 /* NetWork */,
			);
			path = Vendor;
			sourceTree = "<group>";
		};
		296D8D7B34F43C0B60E238D2 /* Pods */ = {
			isa = PBXGroup;
			children = (
				B825A2CA40F99F2EF8DD2BF1 /* Pods-Fairy.debug.xcconfig */,
				66FFEC948F9DB1C8CF0799BC /* Pods-Fairy.release.xcconfig */,
			);
			name = Pods;
			sourceTree = "<group>";
		};
		82142B820FF8DBE9C996F574 /* Frameworks */ = {
			isa = PBXGroup;
			children = (
				E871622DF2A715E032058366 /* Pods_Fairy.framework */,
			);
			name = Frameworks;
			sourceTree = "<group>";
		};
		C4874835249A04A100CF7AF7 /* NetWork */ = {
			isa = PBXGroup;
			children = (
				C4874836249A04A100CF7AF7 /* UserService.swift */,
				C4874837249A04A100CF7AF7 /* NetWorkManager.swift */,
				C4874838249A04A100CF7AF7 /* BaseService.swift */,
				C48748B2249A140E00CF7AF7 /* MiaoService.swift */,
			);
			path = NetWork;
			sourceTree = "<group>";
		};
		C487483C249A065500CF7AF7 /* Category */ = {
			isa = PBXGroup;
			children = (
				C4874840249A065500CF7AF7 /* Dictionary+Tool.swift */,
				C487483D249A065500CF7AF7 /* SegmentView.swift */,
				C4874841249A065500CF7AF7 /* String+Tool.swift */,
				C4874842249A065500CF7AF7 /* UIColor+Tool.swift */,
				C487483F249A065500CF7AF7 /* UIImage+Tool.swift */,
				C487483E249A065500CF7AF7 /* UIView+Tool.swift */,
				1B1152091EF8FD8600C0AA66 /* UIViewController+Tool.swift */,
			);
			path = Category;
			sourceTree = "<group>";
		};
		C487484B249A0DBB00CF7AF7 /* ChartView */ = {
			isa = PBXGroup;
			children = (
				C487484C249A0DBB00CF7AF7 /* Configure */,
				C4874850249A0DBB00CF7AF7 /* Const */,
				C4874852249A0DBB00CF7AF7 /* KSBaseView.swift */,
				C4874853249A0DBB00CF7AF7 /* KSChart */,
			);
			path = ChartView;
			sourceTree = "<group>";
		};
		C487484C249A0DBB00CF7AF7 /* Configure */ = {
			isa = PBXGroup;
			children = (
				C487484D249A0DBB00CF7AF7 /* KSChartConfigure.swift */,
				C487484E249A0DBB00CF7AF7 /* KSChartStyles.swift */,
				C487484F249A0DBB00CF7AF7 /* KSSeriesParam.swift */,
			);
			path = Configure;
			sourceTree = "<group>";
		};
		C4874850249A0DBB00CF7AF7 /* Const */ = {
			isa = PBXGroup;
			children = (
				C4874851249A0DBB00CF7AF7 /* KSConstValue.swift */,
			);
			path = Const;
			sourceTree = "<group>";
		};
		C4874853249A0DBB00CF7AF7 /* KSChart */ = {
			isa = PBXGroup;
			children = (
				C4874854249A0DBB00CF7AF7 /* Chart */,
				C4874860249A0DBB00CF7AF7 /* Extensions */,
				C487486A249A0DBB00CF7AF7 /* CustomModel */,
			);
			path = KSChart;
			sourceTree = "<group>";
		};
		C4874854249A0DBB00CF7AF7 /* Chart */ = {
			isa = PBXGroup;
			children = (
				C4874855249A0DBB00CF7AF7 /* KSLayer.swift */,
				C4874856249A0DBB00CF7AF7 /* KSSection.swift */,
				C4874857249A0DBB00CF7AF7 /* KSSeries.swift */,
				C4874858249A0DBB00CF7AF7 /* KSDynamicItem.swift */,
				C4874859249A0DBB00CF7AF7 /* KSKLineChartStyle.swift */,
				C487485A249A0DBB00CF7AF7 /* KSLetValue.swift */,
				C487485B249A0DBB00CF7AF7 /* KSExtension.swift */,
				C487485C249A0DBB00CF7AF7 /* KSCalculator.swift */,
				C487485D249A0DBB00CF7AF7 /* KSChartModel.swift */,
				C487485E249A0DBB00CF7AF7 /* KSAxisModel.swift */,
				C487485F249A0DBB00CF7AF7 /* KSKLineChart.swift */,
			);
			path = Chart;
			sourceTree = "<group>";
		};
		C4874860249A0DBB00CF7AF7 /* Extensions */ = {
			isa = PBXGroup;
			children = (
				C4874861249A0DBB00CF7AF7 /* ChartExtensions */,
				C4874864249A0DBB00CF7AF7 /* ShareExtensions */,
			);
			path = Extensions;
			sourceTree = "<group>";
		};
		C4874861249A0DBB00CF7AF7 /* ChartExtensions */ = {
			isa = PBXGroup;
			children = (
				C4874862249A0DBB00CF7AF7 /* KSSeries+Extensions.swift */,
				C4874863249A0DBB00CF7AF7 /* KSChartModel+Extensions.swift */,
			);
			path = ChartExtensions;
			sourceTree = "<group>";
		};
		C4874864249A0DBB00CF7AF7 /* ShareExtensions */ = {
			isa = PBXGroup;
			children = (
				C4874865249A0DBB00CF7AF7 /* Double+KSExtensions.swift */,
				C4874866249A0DBB00CF7AF7 /* String+KSExtensions.swift */,
				C4874867249A0DBB00CF7AF7 /* Date+KSExtensions.swift */,
				C4874868249A0DBB00CF7AF7 /* CGFloat+KSExtensions.swift */,
				C4874869249A0DBB00CF7AF7 /* UIColor+KSExtensions.swift */,
			);
			path = ShareExtensions;
			sourceTree = "<group>";
		};
		C487486A249A0DBB00CF7AF7 /* CustomModel */ = {
			isa = PBXGroup;
			children = (
				C487486B249A0DBB00CF7AF7 /* KSTimeChartModel.swift */,
				C487486C249A0DBB00CF7AF7 /* KSBollModel.swift */,
			);
			path = CustomModel;
			sourceTree = "<group>";
		};
		C487486D249A0DBB00CF7AF7 /* DataBase */ = {
			isa = PBXGroup;
			children = (
				C487486E249A0DBB00CF7AF7 /* ContractInfo.swift */,
				C487486F249A0DBB00CF7AF7 /* DataBase.swift */,
			);
			path = DataBase;
			sourceTree = "<group>";
		};
		C4874870249A0DBC00CF7AF7 /* Market */ = {
			isa = PBXGroup;
			children = (
				C4874872249A0DBC00CF7AF7 /* MarketConfigure.swift */,
				C4874871249A0DBC00CF7AF7 /* MarketManager.swift */,
				C4874873249A0DBC00CF7AF7 /* SocketManager.swift */,
			);
			path = Market;
			sourceTree = "<group>";
		};
		C4874892249A113C00CF7AF7 /* CFD(差价) */ = {
			isa = PBXGroup;
			children = (
				C4874894249A113C00CF7AF7 /* CFDLineController.swift */,
				C4874895249A113C00CF7AF7 /* CFDViewController.swift */,
				C4874893249A113C00CF7AF7 /* MarketTicker.swift */,
				C4874896249A113C00CF7AF7 /* View */,
			);
			path = "CFD(差价)";
			sourceTree = "<group>";
		};
		C4874896249A113C00CF7AF7 /* View */ = {
			isa = PBXGroup;
			children = (
				C4874897249A113C00CF7AF7 /* CFDListView.swift */,
				C4874898249A113C00CF7AF7 /* CFDListViewCell.swift */,
				C4874899249A113C00CF7AF7 /* CFDListViewCell.xib */,
				C487489A249A113C00CF7AF7 /* KSKChartView.swift */,
			);
			path = View;
			sourceTree = "<group>";
		};
		C48748A4249A11A500CF7AF7 /* model */ = {
			isa = PBXGroup;
			children = (
				1B4D019D1EE7CD3F009AE905 /* ADModel.swift */,
			);
			path = model;
			sourceTree = "<group>";
		};
		C48748A7249A11CB00CF7AF7 /* view */ = {
			isa = PBXGroup;
			children = (
				1B1CB0471EE79004000F37F1 /* BannerScrollView.swift */,
				C48748A8249A11E200CF7AF7 /* ShowAssetView.swift */,
				C48748A9249A11E200CF7AF7 /* ShowAssetView.xib */,
			);
			path = view;
			sourceTree = "<group>";
		};
		C49D7DD324A18B4900952D53 /* Login(登录) */ = {
			isa = PBXGroup;
			children = (
				C49D7DD524A18B4900952D53 /* LoginViewController.swift */,
				C49D7DD424A18B4900952D53 /* LoginViewController.xib */,
			);
			path = "Login(登录)";
			sourceTree = "<group>";
		};
/* End PBXGroup section */

/* Begin PBXNativeTarget section */
		1BF77C5D1EE644A800E945F3 /* Fairy */ = {
			isa = PBXNativeTarget;
			buildConfigurationList = 1BF77C7B1EE644A800E945F3 /* Build configuration list for PBXNativeTarget "Fairy" */;
			buildPhases = (
				10A7883AA680B68FEB32ACDF /* [CP] Check Pods Manifest.lock */,
				1BF77C5A1EE644A800E945F3 /* Sources */,
				1BF77C5B1EE644A800E945F3 /* Frameworks */,
				1BF77C5C1EE644A800E945F3 /* Resources */,
				6BE8CE0909D43F27439BF538 /* [CP] Embed Pods Frameworks */,
			);
			buildRules = (
			);
			dependencies = (
			);
			name = Fairy;
			productName = Fairy;
			productReference = 1BF77C5E1EE644A800E945F3 /* Fairy.app */;
			productType = "com.apple.product-type.application";
		};
		1BF77C711EE644A800E945F3 /* FairyTests */ = {
			isa = PBXNativeTarget;
			buildConfigurationList = 1BF77C7E1EE644A800E945F3 /* Build configuration list for PBXNativeTarget "FairyTests" */;
			buildPhases = (
				1BF77C6E1EE644A800E945F3 /* Sources */,
				1BF77C6F1EE644A800E945F3 /* Frameworks */,
				1BF77C701EE644A800E945F3 /* Resources */,
			);
			buildRules = (
			);
			dependencies = (
				1BF77C741EE644A800E945F3 /* PBXTargetDependency */,
			);
			name = FairyTests;
			productName = FairyTests;
			productReference = 1BF77C721EE644A800E945F3 /* FairyTests.xctest */;
			productType = "com.apple.product-type.bundle.unit-test";
		};
/* End PBXNativeTarget section */

/* Begin PBXProject section */
		1BF77C561EE644A800E945F3 /* Project object */ = {
			isa = PBXProject;
			attributes = {
				LastSwiftUpdateCheck = 0830;
				LastUpgradeCheck = 1030;
				ORGANIZATIONNAME = "丁鹏飞";
				TargetAttributes = {
					1BF77C5D1EE644A800E945F3 = {
						CreatedOnToolsVersion = 8.3.1;
						LastSwiftMigration = 1030;
						ProvisioningStyle = Manual;
					};
					1BF77C711EE644A800E945F3 = {
						CreatedOnToolsVersion = 8.3.1;
						DevelopmentTeam = 667L3Y3D6H;
						LastSwiftMigration = 1030;
						ProvisioningStyle = Automatic;
						TestTargetID = 1BF77C5D1EE644A800E945F3;
					};
				};
			};
			buildConfigurationList = 1BF77C591EE644A800E945F3 /* Build configuration list for PBXProject "Fairy" */;
			compatibilityVersion = "Xcode 3.2";
			developmentRegion = en;
			hasScannedForEncodings = 0;
			knownRegions = (
				en,
				Base,
				"zh-Hans",
			);
			mainGroup = 1BF77C551EE644A800E945F3;
			productRefGroup = 1BF77C5F1EE644A800E945F3 /* Products */;
			projectDirPath = "";
			projectRoot = "";
			targets = (
				1BF77C5D1EE644A800E945F3 /* Fairy */,
				1BF77C711EE644A800E945F3 /* FairyTests */,
			);
		};
/* End PBXProject section */

/* Begin PBXResourcesBuildPhase section */
		1BF77C5C1EE644A800E945F3 /* Resources */ = {
			isa = PBXResourcesBuildPhase;
			buildActionMask = 2147483647;
			files = (
				1BF77C6C1EE644A800E945F3 /* LaunchScreen.storyboard in Resources */,
				1BF77C691EE644A800E945F3 /* Assets.xcassets in Resources */,
				C49D7DD624A18B4900952D53 /* LoginViewController.xib in Resources */,
				C4154FAC24A3217B0054F581 /* InfoPlist.strings in Resources */,
				C48748B0249A122700CF7AF7 /* LaunchViewController.xib in Resources */,
				C48748AB249A11E200CF7AF7 /* ShowAssetView.xib in Resources */,
				C48748A0249A113C00CF7AF7 /* CFDListViewCell.xib in Resources */,
			);
			runOnlyForDeploymentPostprocessing = 0;
		};
		1BF77C701EE644A800E945F3 /* Resources */ = {
			isa = PBXResourcesBuildPhase;
			buildActionMask = 2147483647;
			files = (
			);
			runOnlyForDeploymentPostprocessing = 0;
		};
/* End PBXResourcesBuildPhase section */

/* Begin PBXShellScriptBuildPhase section */
		10A7883AA680B68FEB32ACDF /* [CP] Check Pods Manifest.lock */ = {
			isa = PBXShellScriptBuildPhase;
			buildActionMask = 2147483647;
			files = (
			);
			inputPaths = (
				"${PODS_PODFILE_DIR_PATH}/Podfile.lock",
				"${PODS_ROOT}/Manifest.lock",
			);
			name = "[CP] Check Pods Manifest.lock";
			outputPaths = (
				"$(DERIVED_FILE_DIR)/Pods-Fairy-checkManifestLockResult.txt",
			);
			runOnlyForDeploymentPostprocessing = 0;
			shellPath = /bin/sh;
			shellScript = "diff \"${PODS_PODFILE_DIR_PATH}/Podfile.lock\" \"${PODS_ROOT}/Manifest.lock\" > /dev/null\nif [ $? != 0 ] ; then\n    # print error to STDERR\n    echo \"error: The sandbox is not in sync with the Podfile.lock. Run 'pod install' or update your CocoaPods installation.\" >&2\n    exit 1\nfi\n# This output is used by Xcode 'outputs' to avoid re-running this script phase.\necho \"SUCCESS\" > \"${SCRIPT_OUTPUT_FILE_0}\"\n";
			showEnvVarsInLog = 0;
		};
		6BE8CE0909D43F27439BF538 /* [CP] Embed Pods Frameworks */ = {
			isa = PBXShellScriptBuildPhase;
			buildActionMask = 2147483647;
			files = (
			);
			inputPaths = (
				"${PODS_ROOT}/Target Support Files/Pods-Fairy/Pods-Fairy-frameworks.sh",
				"${BUILT_PRODUCTS_DIR}/Alamofire/Alamofire.framework",
				"${BUILT_PRODUCTS_DIR}/GzipSwift/Gzip.framework",
				"${BUILT_PRODUCTS_DIR}/KSChart/KSChart.framework",
				"${BUILT_PRODUCTS_DIR}/Kingfisher/Kingfisher.framework",
				"${BUILT_PRODUCTS_DIR}/Macaw/Macaw.framework",
				"${BUILT_PRODUCTS_DIR}/Moya/Moya.framework",
				"${BUILT_PRODUCTS_DIR}/PKHUD/PKHUD.framework",
				"${BUILT_PRODUCTS_DIR}/PullToRefresher/PullToRefresh.framework",
				"${BUILT_PRODUCTS_DIR}/RxCocoa/RxCocoa.framework",
				"${BUILT_PRODUCTS_DIR}/RxRelay/RxRelay.framework",
				"${BUILT_PRODUCTS_DIR}/RxSwift/RxSwift.framework",
				"${BUILT_PRODUCTS_DIR}/SQLite.swift/SQLite.framework",
				"${BUILT_PRODUCTS_DIR}/SWXMLHash/SWXMLHash.framework",
				"${BUILT_PRODUCTS_DIR}/Segmentio/Segmentio.framework",
				"${BUILT_PRODUCTS_DIR}/Starscream/Starscream.framework",
				"${BUILT_PRODUCTS_DIR}/SwiftyJSON/SwiftyJSON.framework",
				"${BUILT_PRODUCTS_DIR}/Tiercel/Tiercel.framework",
			);
			name = "[CP] Embed Pods Frameworks";
			outputPaths = (
				"${TARGET_BUILD_DIR}/${FRAMEWORKS_FOLDER_PATH}/Alamofire.framework",
				"${TARGET_BUILD_DIR}/${FRAMEWORKS_FOLDER_PATH}/Gzip.framework",
				"${TARGET_BUILD_DIR}/${FRAMEWORKS_FOLDER_PATH}/KSChart.framework",
				"${TARGET_BUILD_DIR}/${FRAMEWORKS_FOLDER_PATH}/Kingfisher.framework",
				"${TARGET_BUILD_DIR}/${FRAMEWORKS_FOLDER_PATH}/Macaw.framework",
				"${TARGET_BUILD_DIR}/${FRAMEWORKS_FOLDER_PATH}/Moya.framework",
				"${TARGET_BUILD_DIR}/${FRAMEWORKS_FOLDER_PATH}/PKHUD.framework",
				"${TARGET_BUILD_DIR}/${FRAMEWORKS_FOLDER_PATH}/PullToRefresh.framework",
				"${TARGET_BUILD_DIR}/${FRAMEWORKS_FOLDER_PATH}/RxCocoa.framework",
				"${TARGET_BUILD_DIR}/${FRAMEWORKS_FOLDER_PATH}/RxRelay.framework",
				"${TARGET_BUILD_DIR}/${FRAMEWORKS_FOLDER_PATH}/RxSwift.framework",
				"${TARGET_BUILD_DIR}/${FRAMEWORKS_FOLDER_PATH}/SQLite.framework",
				"${TARGET_BUILD_DIR}/${FRAMEWORKS_FOLDER_PATH}/SWXMLHash.framework",
				"${TARGET_BUILD_DIR}/${FRAMEWORKS_FOLDER_PATH}/Segmentio.framework",
				"${TARGET_BUILD_DIR}/${FRAMEWORKS_FOLDER_PATH}/Starscream.framework",
				"${TARGET_BUILD_DIR}/${FRAMEWORKS_FOLDER_PATH}/SwiftyJSON.framework",
				"${TARGET_BUILD_DIR}/${FRAMEWORKS_FOLDER_PATH}/Tiercel.framework",
			);
			runOnlyForDeploymentPostprocessing = 0;
			shellPath = /bin/sh;
			shellScript = "\"${PODS_ROOT}/Target Support Files/Pods-Fairy/Pods-Fairy-frameworks.sh\"\n";
			showEnvVarsInLog = 0;
		};
/* End PBXShellScriptBuildPhase section */

/* Begin PBXSourcesBuildPhase section */
		1BF77C5A1EE644A800E945F3 /* Sources */ = {
			isa = PBXSourcesBuildPhase;
			buildActionMask = 2147483647;
			files = (
				1B2DC70B1EFA052A00897F12 /* PhotosCollectionController.swift in Sources */,
				C4874891249A0DBC00CF7AF7 /* SocketManager.swift in Sources */,
				C4874874249A0DBC00CF7AF7 /* KSChartConfigure.swift in Sources */,
				C4874888249A0DBC00CF7AF7 /* Date+KSExtensions.swift in Sources */,
				C4874879249A0DBC00CF7AF7 /* KSLayer.swift in Sources */,
				1B1CB0481EE79004000F37F1 /* BannerScrollView.swift in Sources */,
				C48748B3249A140E00CF7AF7 /* MiaoService.swift in Sources */,
				1B1D8DB51F0C835B0058A191 /* LiveInfoController.swift in Sources */,
				C4874883249A0DBC00CF7AF7 /* KSKLineChart.swift in Sources */,
				C4874848249A065600CF7AF7 /* UIColor+Tool.swift in Sources */,
				C4154FB124A34CE60054F581 /* UserModel.swift in Sources */,
				1B1CB0461EE78968000F37F1 /* WebViewController.swift in Sources */,
				C48748AA249A11E200CF7AF7 /* ShowAssetView.swift in Sources */,
				C487489F249A113C00CF7AF7 /* CFDListViewCell.swift in Sources */,
				C487488A249A0DBC00CF7AF7 /* UIColor+KSExtensions.swift in Sources */,
				C48748B1249A122700CF7AF7 /* LaunchViewController.swift in Sources */,
				C4874839249A04A100CF7AF7 /* UserService.swift in Sources */,
				1B11520A1EF8FD8600C0AA66 /* UIViewController+Tool.swift in Sources */,
				C4874875249A0DBC00CF7AF7 /* KSChartStyles.swift in Sources */,
				C4874846249A065600CF7AF7 /* Dictionary+Tool.swift in Sources */,
				C487487C249A0DBC00CF7AF7 /* KSDynamicItem.swift in Sources */,
				C487488C249A0DBC00CF7AF7 /* KSBollModel.swift in Sources */,
				1B1D8DB71F0C856B0058A191 /* BaseViewController.swift in Sources */,
				C487487F249A0DBC00CF7AF7 /* KSExtension.swift in Sources */,
				1B4D019E1EE7CD3F009AE905 /* ADModel.swift in Sources */,
				C487487A249A0DBC00CF7AF7 /* KSSection.swift in Sources */,
				C4874876249A0DBC00CF7AF7 /* KSSeriesParam.swift in Sources */,
				C4874887249A0DBC00CF7AF7 /* String+KSExtensions.swift in Sources */,
				C4874885249A0DBC00CF7AF7 /* KSChartModel+Extensions.swift in Sources */,
				C487488F249A0DBC00CF7AF7 /* MarketManager.swift in Sources */,
				C487487E249A0DBC00CF7AF7 /* KSLetValue.swift in Sources */,
				1BF77C831EE6473700E945F3 /* AppDelegate.swift in Sources */,
				1B11520C1EF91C0600C0AA66 /* PhotosLibraryController.swift in Sources */,
				C487483B249A04A100CF7AF7 /* BaseService.swift in Sources */,
				1BF77C8E1EE647F400E945F3 /* UserViewController.swift in Sources */,
				C4874880249A0DBC00CF7AF7 /* KSCalculator.swift in Sources */,
				C487489E249A113C00CF7AF7 /* CFDListView.swift in Sources */,
				C487487D249A0DBC00CF7AF7 /* KSKLineChartStyle.swift in Sources */,
				C4874845249A065600CF7AF7 /* UIImage+Tool.swift in Sources */,
				C487489B249A113C00CF7AF7 /* MarketTicker.swift in Sources */,
				C4874844249A065600CF7AF7 /* UIView+Tool.swift in Sources */,
				C487483A249A04A100CF7AF7 /* NetWorkManager.swift in Sources */,
				C4874881249A0DBC00CF7AF7 /* KSChartModel.swift in Sources */,
				C4874878249A0DBC00CF7AF7 /* KSBaseView.swift in Sources */,
				1B468A5B1EF7CFD000AD8711 /* ScanQRCodeController.swift in Sources */,
				C4874847249A065600CF7AF7 /* String+Tool.swift in Sources */,
				C487487B249A0DBC00CF7AF7 /* KSSeries.swift in Sources */,
				C4874882249A0DBC00CF7AF7 /* KSAxisModel.swift in Sources */,
				C487484A249A068100CF7AF7 /* AppTheme.swift in Sources */,
				1BF77C8A1EE647CC00E945F3 /* RootViewController.swift in Sources */,
				C4874886249A0DBC00CF7AF7 /* Double+KSExtensions.swift in Sources */,
				C487488E249A0DBC00CF7AF7 /* DataBase.swift in Sources */,
				C49D7DD724A18B4900952D53 /* LoginViewController.swift in Sources */,
				C48748A1249A113C00CF7AF7 /* KSKChartView.swift in Sources */,
				C4874890249A0DBC00CF7AF7 /* MarketConfigure.swift in Sources */,
				C487489C249A113C00CF7AF7 /* CFDLineController.swift in Sources */,
				C4874843249A065600CF7AF7 /* SegmentView.swift in Sources */,
				C4874884249A0DBC00CF7AF7 /* KSSeries+Extensions.swift in Sources */,
				C487488D249A0DBC00CF7AF7 /* ContractInfo.swift in Sources */,
				1BF77C8C1EE647E100E945F3 /* HomeViewController.swift in Sources */,
				C4874889249A0DBC00CF7AF7 /* CGFloat+KSExtensions.swift in Sources */,
				C4154FB324A34CF80054F581 /* UserManager.swift in Sources */,
				C4874877249A0DBC00CF7AF7 /* KSConstValue.swift in Sources */,
				C487489D249A113C00CF7AF7 /* CFDViewController.swift in Sources */,
				C487488B249A0DBC00CF7AF7 /* KSTimeChartModel.swift in Sources */,
			);
			runOnlyForDeploymentPostprocessing = 0;
		};
		1BF77C6E1EE644A800E945F3 /* Sources */ = {
			isa = PBXSourcesBuildPhase;
			buildActionMask = 2147483647;
			files = (
				1BF77C771EE644A800E945F3 /* FairyTests.swift in Sources */,
			);
			runOnlyForDeploymentPostprocessing = 0;
		};
/* End PBXSourcesBuildPhase section */

/* Begin PBXTargetDependency section */
		1BF77C741EE644A800E945F3 /* PBXTargetDependency */ = {
			isa = PBXTargetDependency;
			target = 1BF77C5D1EE644A800E945F3 /* Fairy */;
			targetProxy = 1BF77C731EE644A800E945F3 /* PBXContainerItemProxy */;
		};
/* End PBXTargetDependency section */

/* Begin PBXVariantGroup section */
		1BF77C6A1EE644A800E945F3 /* LaunchScreen.storyboard */ = {
			isa = PBXVariantGroup;
			children = (
				1BF77C6B1EE644A800E945F3 /* Base */,
			);
			name = LaunchScreen.storyboard;
			path = ..;
			sourceTree = "<group>";
		};
		C4154FAE24A3217B0054F581 /* InfoPlist.strings */ = {
			isa = PBXVariantGroup;
			children = (
				C4154FAD24A3217B0054F581 /* en */,
				C4154FAF24A3218D0054F581 /* zh-Hans */,
			);
			name = InfoPlist.strings;
			sourceTree = "<group>";
		};
/* End PBXVariantGroup section */

/* Begin XCBuildConfiguration section */
		1BF77C791EE644A800E945F3 /* Debug */ = {
			isa = XCBuildConfiguration;
			buildSettings = {
				ALWAYS_SEARCH_USER_PATHS = NO;
				CLANG_ANALYZER_LOCALIZABILITY_NONLOCALIZED = YES;
				CLANG_ANALYZER_NONNULL = YES;
				CLANG_ANALYZER_NUMBER_OBJECT_CONVERSION = YES_AGGRESSIVE;
				CLANG_CXX_LANGUAGE_STANDARD = "gnu++0x";
				CLANG_CXX_LIBRARY = "libc++";
				CLANG_ENABLE_MODULES = YES;
				CLANG_ENABLE_OBJC_ARC = YES;
				CLANG_WARN_BLOCK_CAPTURE_AUTORELEASING = YES;
				CLANG_WARN_BOOL_CONVERSION = YES;
				CLANG_WARN_COMMA = YES;
				CLANG_WARN_CONSTANT_CONVERSION = YES;
				CLANG_WARN_DEPRECATED_OBJC_IMPLEMENTATIONS = YES;
				CLANG_WARN_DIRECT_OBJC_ISA_USAGE = YES_ERROR;
				CLANG_WARN_DOCUMENTATION_COMMENTS = YES;
				CLANG_WARN_EMPTY_BODY = YES;
				CLANG_WARN_ENUM_CONVERSION = YES;
				CLANG_WARN_INFINITE_RECURSION = YES;
				CLANG_WARN_INT_CONVERSION = YES;
				CLANG_WARN_NON_LITERAL_NULL_CONVERSION = YES;
				CLANG_WARN_OBJC_IMPLICIT_RETAIN_SELF = YES;
				CLANG_WARN_OBJC_LITERAL_CONVERSION = YES;
				CLANG_WARN_OBJC_ROOT_CLASS = YES_ERROR;
				CLANG_WARN_RANGE_LOOP_ANALYSIS = YES;
				CLANG_WARN_STRICT_PROTOTYPES = YES;
				CLANG_WARN_SUSPICIOUS_MOVE = YES;
				CLANG_WARN_UNREACHABLE_CODE = YES;
				CLANG_WARN__DUPLICATE_METHOD_MATCH = YES;
				"CODE_SIGN_IDENTITY[sdk=iphoneos*]" = "iPhone Developer";
				COPY_PHASE_STRIP = NO;
				DEBUG_INFORMATION_FORMAT = dwarf;
				ENABLE_STRICT_OBJC_MSGSEND = YES;
				ENABLE_TESTABILITY = YES;
				GCC_C_LANGUAGE_STANDARD = gnu99;
				GCC_DYNAMIC_NO_PIC = NO;
				GCC_NO_COMMON_BLOCKS = YES;
				GCC_OPTIMIZATION_LEVEL = 0;
				GCC_PREPROCESSOR_DEFINITIONS = (
					"DEBUG=1",
					"$(inherited)",
				);
				GCC_WARN_64_TO_32_BIT_CONVERSION = YES;
				GCC_WARN_ABOUT_RETURN_TYPE = YES_ERROR;
				GCC_WARN_UNDECLARED_SELECTOR = YES;
				GCC_WARN_UNINITIALIZED_AUTOS = YES_AGGRESSIVE;
				GCC_WARN_UNUSED_FUNCTION = YES;
				GCC_WARN_UNUSED_VARIABLE = YES;
				IPHONEOS_DEPLOYMENT_TARGET = 13.2;
				MTL_ENABLE_DEBUG_INFO = YES;
				ONLY_ACTIVE_ARCH = YES;
				SDKROOT = iphoneos;
				SWIFT_ACTIVE_COMPILATION_CONDITIONS = DEBUG;
				SWIFT_OPTIMIZATION_LEVEL = "-Onone";
			};
			name = Debug;
		};
		1BF77C7A1EE644A800E945F3 /* Release */ = {
			isa = XCBuildConfiguration;
			buildSettings = {
				ALWAYS_SEARCH_USER_PATHS = NO;
				CLANG_ANALYZER_LOCALIZABILITY_NONLOCALIZED = YES;
				CLANG_ANALYZER_NONNULL = YES;
				CLANG_ANALYZER_NUMBER_OBJECT_CONVERSION = YES_AGGRESSIVE;
				CLANG_CXX_LANGUAGE_STANDARD = "gnu++0x";
				CLANG_CXX_LIBRARY = "libc++";
				CLANG_ENABLE_MODULES = YES;
				CLANG_ENABLE_OBJC_ARC = YES;
				CLANG_WARN_BLOCK_CAPTURE_AUTORELEASING = YES;
				CLANG_WARN_BOOL_CONVERSION = YES;
				CLANG_WARN_COMMA = YES;
				CLANG_WARN_CONSTANT_CONVERSION = YES;
				CLANG_WARN_DEPRECATED_OBJC_IMPLEMENTATIONS = YES;
				CLANG_WARN_DIRECT_OBJC_ISA_USAGE = YES_ERROR;
				CLANG_WARN_DOCUMENTATION_COMMENTS = YES;
				CLANG_WARN_EMPTY_BODY = YES;
				CLANG_WARN_ENUM_CONVERSION = YES;
				CLANG_WARN_INFINITE_RECURSION = YES;
				CLANG_WARN_INT_CONVERSION = YES;
				CLANG_WARN_NON_LITERAL_NULL_CONVERSION = YES;
				CLANG_WARN_OBJC_IMPLICIT_RETAIN_SELF = YES;
				CLANG_WARN_OBJC_LITERAL_CONVERSION = YES;
				CLANG_WARN_OBJC_ROOT_CLASS = YES_ERROR;
				CLANG_WARN_RANGE_LOOP_ANALYSIS = YES;
				CLANG_WARN_STRICT_PROTOTYPES = YES;
				CLANG_WARN_SUSPICIOUS_MOVE = YES;
				CLANG_WARN_UNREACHABLE_CODE = YES;
				CLANG_WARN__DUPLICATE_METHOD_MATCH = YES;
				"CODE_SIGN_IDENTITY[sdk=iphoneos*]" = "iPhone Developer";
				COPY_PHASE_STRIP = NO;
				DEBUG_INFORMATION_FORMAT = "dwarf-with-dsym";
				ENABLE_NS_ASSERTIONS = NO;
				ENABLE_STRICT_OBJC_MSGSEND = YES;
				GCC_C_LANGUAGE_STANDARD = gnu99;
				GCC_NO_COMMON_BLOCKS = YES;
				GCC_WARN_64_TO_32_BIT_CONVERSION = YES;
				GCC_WARN_ABOUT_RETURN_TYPE = YES_ERROR;
				GCC_WARN_UNDECLARED_SELECTOR = YES;
				GCC_WARN_UNINITIALIZED_AUTOS = YES_AGGRESSIVE;
				GCC_WARN_UNUSED_FUNCTION = YES;
				GCC_WARN_UNUSED_VARIABLE = YES;
				IPHONEOS_DEPLOYMENT_TARGET = 13.2;
				MTL_ENABLE_DEBUG_INFO = NO;
				SDKROOT = iphoneos;
				SWIFT_OPTIMIZATION_LEVEL = "-Owholemodule";
				VALIDATE_PRODUCT = YES;
			};
			name = Release;
		};
		1BF77C7C1EE644A800E945F3 /* Debug */ = {
			isa = XCBuildConfiguration;
			baseConfigurationReference = B825A2CA40F99F2EF8DD2BF1 /* Pods-Fairy.debug.xcconfig */;
			buildSettings = {
				ASSETCATALOG_COMPILER_APPICON_NAME = AppIcon;
				CODE_SIGN_STYLE = Manual;
				DEVELOPMENT_TEAM = "";
				GCC_PRECOMPILE_PREFIX_HEADER = NO;
				GCC_PREFIX_HEADER = "";
				INFOPLIST_FILE = Fairy/App/Info.plist;
				IPHONEOS_DEPLOYMENT_TARGET = 10.0;
				LD_RUNPATH_SEARCH_PATHS = "$(inherited) @executable_path/Frameworks";
				PRODUCT_BUNDLE_IDENTIFIER = com.dpf.Fairy;
				PRODUCT_NAME = "$(TARGET_NAME)";
				PROVISIONING_PROFILE_SPECIFIER = "";
				SWIFT_VERSION = 5.0;
			};
			name = Debug;
		};
		1BF77C7D1EE644A800E945F3 /* Release */ = {
			isa = XCBuildConfiguration;
			baseConfigurationReference = 66FFEC948F9DB1C8CF0799BC /* Pods-Fairy.release.xcconfig */;
			buildSettings = {
				ASSETCATALOG_COMPILER_APPICON_NAME = AppIcon;
				CODE_SIGN_STYLE = Manual;
				DEVELOPMENT_TEAM = "";
				GCC_PRECOMPILE_PREFIX_HEADER = NO;
				GCC_PREFIX_HEADER = "";
				INFOPLIST_FILE = Fairy/App/Info.plist;
				IPHONEOS_DEPLOYMENT_TARGET = 10.0;
				LD_RUNPATH_SEARCH_PATHS = "$(inherited) @executable_path/Frameworks";
				PRODUCT_BUNDLE_IDENTIFIER = com.dpf.Fairy;
				PRODUCT_NAME = "$(TARGET_NAME)";
				PROVISIONING_PROFILE_SPECIFIER = "";
				SWIFT_VERSION = 5.0;
			};
			name = Release;
		};
		1BF77C7F1EE644A800E945F3 /* Debug */ = {
			isa = XCBuildConfiguration;
			buildSettings = {
				ALWAYS_EMBED_SWIFT_STANDARD_LIBRARIES = YES;
				BUNDLE_LOADER = "$(TEST_HOST)";
				DEVELOPMENT_TEAM = 667L3Y3D6H;
				INFOPLIST_FILE = FairyTests/Info.plist;
				LD_RUNPATH_SEARCH_PATHS = "$(inherited) @executable_path/Frameworks @loader_path/Frameworks";
				PRODUCT_BUNDLE_IDENTIFIER = com.dpf.FairyTests;
				PRODUCT_NAME = "$(TARGET_NAME)";
				SWIFT_VERSION = 5.0;
				TEST_HOST = "$(BUILT_PRODUCTS_DIR)/Fairy.app/Fairy";
			};
			name = Debug;
		};
		1BF77C801EE644A800E945F3 /* Release */ = {
			isa = XCBuildConfiguration;
			buildSettings = {
				ALWAYS_EMBED_SWIFT_STANDARD_LIBRARIES = YES;
				BUNDLE_LOADER = "$(TEST_HOST)";
				DEVELOPMENT_TEAM = 667L3Y3D6H;
				INFOPLIST_FILE = FairyTests/Info.plist;
				LD_RUNPATH_SEARCH_PATHS = "$(inherited) @executable_path/Frameworks @loader_path/Frameworks";
				PRODUCT_BUNDLE_IDENTIFIER = com.dpf.FairyTests;
				PRODUCT_NAME = "$(TARGET_NAME)";
				SWIFT_VERSION = 5.0;
				TEST_HOST = "$(BUILT_PRODUCTS_DIR)/Fairy.app/Fairy";
			};
			name = Release;
		};
/* End XCBuildConfiguration section */

/* Begin XCConfigurationList section */
		1BF77C591EE644A800E945F3 /* Build configuration list for PBXProject "Fairy" */ = {
			isa = XCConfigurationList;
			buildConfigurations = (
				1BF77C791EE644A800E945F3 /* Debug */,
				1BF77C7A1EE644A800E945F3 /* Release */,
			);
			defaultConfigurationIsVisible = 0;
			defaultConfigurationName = Release;
		};
		1BF77C7B1EE644A800E945F3 /* Build configuration list for PBXNativeTarget "Fairy" */ = {
			isa = XCConfigurationList;
			buildConfigurations = (
				1BF77C7C1EE644A800E945F3 /* Debug */,
				1BF77C7D1EE644A800E945F3 /* Release */,
			);
			defaultConfigurationIsVisible = 0;
			defaultConfigurationName = Release;
		};
		1BF77C7E1EE644A800E945F3 /* Build configuration list for PBXNativeTarget "FairyTests" */ = {
			isa = XCConfigurationList;
			buildConfigurations = (
				1BF77C7F1EE644A800E945F3 /* Debug */,
				1BF77C801EE644A800E945F3 /* Release */,
			);
			defaultConfigurationIsVisible = 0;
			defaultConfigurationName = Release;
		};
/* End XCConfigurationList section */
	};
	rootObject = 1BF77C561EE644A800E945F3 /* Project object */;
}
