// !$*UTF8*$!
{
	archiveVersion = 1;
	classes = {
	};
	objectVersion = 46;
	objects = {

/* Begin PBXBuildFile section */
		1B11520A1EF8FD8600C0AA66 /* UIViewController+Tool.swift in Sources */ = {isa = PBXBuildFile; fileRef = 1B1152091EF8FD8600C0AA66 /* UIViewController+Tool.swift */; };
		1B11520C1EF91C0600C0AA66 /* PhotosLibraryController.swift in Sources */ = {isa = PBXBuildFile; fileRef = 1B11520B1EF91C0600C0AA66 /* PhotosLibraryController.swift */; };
		1B1CB0461EE78968000F37F1 /* WebViewController.swift in Sources */ = {isa = PBXBuildFile; fileRef = 1B1CB0451EE78968000F37F1 /* WebViewController.swift */; };
		1B1CB0481EE79004000F37F1 /* BannerScrollView.swift in Sources */ = {isa = PBXBuildFile; fileRef = 1B1CB0471EE79004000F37F1 /* BannerScrollView.swift */; };
		1B1D8DB51F0C835B0058A191 /* LiveInfoController.swift in Sources */ = {isa = PBXBuildFile; fileRef = 1B1D8DB41F0C835B0058A191 /* LiveInfoController.swift */; };
		1B1D8DB71F0C856B0058A191 /* BaseViewController.swift in Sources */ = {isa = PBXBuildFile; fileRef = 1B1D8DB61F0C856B0058A191 /* BaseViewController.swift */; };
		1B2DC70B1EFA052A00897F12 /* PhotosCollectionController.swift in Sources */ = {isa = PBXBuildFile; fileRef = 1B2DC70A1EFA052A00897F12 /* PhotosCollectionController.swift */; };
		1B468A5B1EF7CFD000AD8711 /* ScanQRCodeController.swift in Sources */ = {isa = PBXBuildFile; fileRef = 1B468A5A1EF7CFD000AD8711 /* ScanQRCodeController.swift */; };
		1B4D019E1EE7CD3F009AE905 /* ADModel.swift in Sources */ = {isa = PBXBuildFile; fileRef = 1B4D019D1EE7CD3F009AE905 /* ADModel.swift */; };
		1B4D01A01EE7DC6D009AE905 /* ProgressHUD.swift in Sources */ = {isa = PBXBuildFile; fileRef = 1B4D019F1EE7DC6D009AE905 /* ProgressHUD.swift */; };
		1BF77C691EE644A800E945F3 /* Assets.xcassets in Resources */ = {isa = PBXBuildFile; fileRef = 1BF77C681EE644A800E945F3 /* Assets.xcassets */; };
		1BF77C6C1EE644A800E945F3 /* LaunchScreen.storyboard in Resources */ = {isa = PBXBuildFile; fileRef = 1BF77C6A1EE644A800E945F3 /* LaunchScreen.storyboard */; };
		1BF77C771EE644A800E945F3 /* FairyTests.swift in Sources */ = {isa = PBXBuildFile; fileRef = 1BF77C761EE644A800E945F3 /* FairyTests.swift */; };
		1BF77C831EE6473700E945F3 /* AppDelegate.swift in Sources */ = {isa = PBXBuildFile; fileRef = 1BF77C821EE6473700E945F3 /* AppDelegate.swift */; };
		1BF77C8A1EE647CC00E945F3 /* RootViewController.swift in Sources */ = {isa = PBXBuildFile; fileRef = 1BF77C891EE647CC00E945F3 /* RootViewController.swift */; };
		1BF77C8C1EE647E100E945F3 /* HomeViewController.swift in Sources */ = {isa = PBXBuildFile; fileRef = 1BF77C8B1EE647E100E945F3 /* HomeViewController.swift */; };
		1BF77C8E1EE647F400E945F3 /* UserViewController.swift in Sources */ = {isa = PBXBuildFile; fileRef = 1BF77C8D1EE647F400E945F3 /* UserViewController.swift */; };
		1BF77C921EE649D500E945F3 /* PrefixHeader.swift in Sources */ = {isa = PBXBuildFile; fileRef = 1BF77C911EE649D500E945F3 /* PrefixHeader.swift */; };
		1BF77C961EE6515D00E945F3 /* HttpManager.swift in Sources */ = {isa = PBXBuildFile; fileRef = 1BF77C951EE6515D00E945F3 /* HttpManager.swift */; };
		265D1A2EB5E885406FE90E1E /* Pods_Fairy.framework in Frameworks */ = {isa = PBXBuildFile; fileRef = E871622DF2A715E032058366 /* Pods_Fairy.framework */; };
/* End PBXBuildFile section */

/* Begin PBXContainerItemProxy section */
		1BF77C731EE644A800E945F3 /* PBXContainerItemProxy */ = {
			isa = PBXContainerItemProxy;
			containerPortal = 1BF77C561EE644A800E945F3 /* Project object */;
			proxyType = 1;
			remoteGlobalIDString = 1BF77C5D1EE644A800E945F3;
			remoteInfo = Fairy;
		};
/* End PBXContainerItemProxy section */

/* Begin PBXFileReference section */
		1B1152091EF8FD8600C0AA66 /* UIViewController+Tool.swift */ = {isa = PBXFileReference; fileEncoding = 4; lastKnownFileType = sourcecode.swift; path = "UIViewController+Tool.swift"; sourceTree = "<group>"; };
		1B11520B1EF91C0600C0AA66 /* PhotosLibraryController.swift */ = {isa = PBXFileReference; fileEncoding = 4; lastKnownFileType = sourcecode.swift; path = PhotosLibraryController.swift; sourceTree = "<group>"; };
		1B1CB0451EE78968000F37F1 /* WebViewController.swift */ = {isa = PBXFileReference; fileEncoding = 4; lastKnownFileType = sourcecode.swift; path = WebViewController.swift; sourceTree = "<group>"; };
		1B1CB0471EE79004000F37F1 /* BannerScrollView.swift */ = {isa = PBXFileReference; fileEncoding = 4; lastKnownFileType = sourcecode.swift; path = BannerScrollView.swift; sourceTree = "<group>"; };
		1B1D8DB41F0C835B0058A191 /* LiveInfoController.swift */ = {isa = PBXFileReference; fileEncoding = 4; lastKnownFileType = sourcecode.swift; path = LiveInfoController.swift; sourceTree = "<group>"; };
		1B1D8DB61F0C856B0058A191 /* BaseViewController.swift */ = {isa = PBXFileReference; fileEncoding = 4; lastKnownFileType = sourcecode.swift; path = BaseViewController.swift; sourceTree = "<group>"; };
		1B2DC70A1EFA052A00897F12 /* PhotosCollectionController.swift */ = {isa = PBXFileReference; fileEncoding = 4; lastKnownFileType = sourcecode.swift; path = PhotosCollectionController.swift; sourceTree = "<group>"; };
		1B468A5A1EF7CFD000AD8711 /* ScanQRCodeController.swift */ = {isa = PBXFileReference; fileEncoding = 4; lastKnownFileType = sourcecode.swift; path = ScanQRCodeController.swift; sourceTree = "<group>"; };
		1B4D019D1EE7CD3F009AE905 /* ADModel.swift */ = {isa = PBXFileReference; fileEncoding = 4; lastKnownFileType = sourcecode.swift; path = ADModel.swift; sourceTree = "<group>"; };
		1B4D019F1EE7DC6D009AE905 /* ProgressHUD.swift */ = {isa = PBXFileReference; fileEncoding = 4; lastKnownFileType = sourcecode.swift; path = ProgressHUD.swift; sourceTree = "<group>"; };
		1BF77C5E1EE644A800E945F3 /* Fairy.app */ = {isa = PBXFileReference; explicitFileType = wrapper.application; includeInIndex = 0; path = Fairy.app; sourceTree = BUILT_PRODUCTS_DIR; };
		1BF77C681EE644A800E945F3 /* Assets.xcassets */ = {isa = PBXFileReference; lastKnownFileType = folder.assetcatalog; name = Assets.xcassets; path = ../Assets.xcassets; sourceTree = "<group>"; };
		1BF77C6B1EE644A800E945F3 /* Base */ = {isa = PBXFileReference; lastKnownFileType = file.storyboard; name = Base; path = Base.lproj/LaunchScreen.storyboard; sourceTree = "<group>"; };
		1BF77C6D1EE644A800E945F3 /* Info.plist */ = {isa = PBXFileReference; lastKnownFileType = text.plist.xml; name = Info.plist; path = ../Info.plist; sourceTree = "<group>"; };
		1BF77C721EE644A800E945F3 /* FairyTests.xctest */ = {isa = PBXFileReference; explicitFileType = wrapper.cfbundle; includeInIndex = 0; path = FairyTests.xctest; sourceTree = BUILT_PRODUCTS_DIR; };
		1BF77C761EE644A800E945F3 /* FairyTests.swift */ = {isa = PBXFileReference; lastKnownFileType = sourcecode.swift; path = FairyTests.swift; sourceTree = "<group>"; };
		1BF77C781EE644A800E945F3 /* Info.plist */ = {isa = PBXFileReference; lastKnownFileType = text.plist.xml; path = Info.plist; sourceTree = "<group>"; };
		1BF77C821EE6473700E945F3 /* AppDelegate.swift */ = {isa = PBXFileReference; fileEncoding = 4; lastKnownFileType = sourcecode.swift; path = AppDelegate.swift; sourceTree = "<group>"; };
		1BF77C891EE647CC00E945F3 /* RootViewController.swift */ = {isa = PBXFileReference; fileEncoding = 4; lastKnownFileType = sourcecode.swift; path = RootViewController.swift; sourceTree = "<group>"; };
		1BF77C8B1EE647E100E945F3 /* HomeViewController.swift */ = {isa = PBXFileReference; fileEncoding = 4; lastKnownFileType = sourcecode.swift; path = HomeViewController.swift; sourceTree = "<group>"; };
		1BF77C8D1EE647F400E945F3 /* UserViewController.swift */ = {isa = PBXFileReference; fileEncoding = 4; lastKnownFileType = sourcecode.swift; path = UserViewController.swift; sourceTree = "<group>"; };
		1BF77C911EE649D500E945F3 /* PrefixHeader.swift */ = {isa = PBXFileReference; fileEncoding = 4; lastKnownFileType = sourcecode.swift; path = PrefixHeader.swift; sourceTree = "<group>"; };
		1BF77C951EE6515D00E945F3 /* HttpManager.swift */ = {isa = PBXFileReference; fileEncoding = 4; lastKnownFileType = sourcecode.swift; path = HttpManager.swift; sourceTree = "<group>"; };
		66FFEC948F9DB1C8CF0799BC /* Pods-Fairy.release.xcconfig */ = {isa = PBXFileReference; includeInIndex = 1; lastKnownFileType = text.xcconfig; name = "Pods-Fairy.release.xcconfig"; path = "Pods/Target Support Files/Pods-Fairy/Pods-Fairy.release.xcconfig"; sourceTree = "<group>"; };
		B825A2CA40F99F2EF8DD2BF1 /* Pods-Fairy.debug.xcconfig */ = {isa = PBXFileReference; includeInIndex = 1; lastKnownFileType = text.xcconfig; name = "Pods-Fairy.debug.xcconfig"; path = "Pods/Target Support Files/Pods-Fairy/Pods-Fairy.debug.xcconfig"; sourceTree = "<group>"; };
		E871622DF2A715E032058366 /* Pods_Fairy.framework */ = {isa = PBXFileReference; explicitFileType = wrapper.framework; includeInIndex = 0; path = Pods_Fairy.framework; sourceTree = BUILT_PRODUCTS_DIR; };
/* End PBXFileReference section */

/* Begin PBXFrameworksBuildPhase section */
		1BF77C5B1EE644A800E945F3 /* Frameworks */ = {
			isa = PBXFrameworksBuildPhase;
			buildActionMask = 2147483647;
			files = (
				265D1A2EB5E885406FE90E1E /* Pods_Fairy.framework in Frameworks */,
			);
			runOnlyForDeploymentPostprocessing = 0;
		};
		1BF77C6F1EE644A800E945F3 /* Frameworks */ = {
			isa = PBXFrameworksBuildPhase;
			buildActionMask = 2147483647;
			files = (
			);
			runOnlyForDeploymentPostprocessing = 0;
		};
/* End PBXFrameworksBuildPhase section */

/* Begin PBXGroup section */
		1B1CB0441EE78942000F37F1 /* Common */ = {
			isa = PBXGroup;
			children = (
				1B1CB0451EE78968000F37F1 /* WebViewController.swift */,
			);
			path = Common;
			sourceTree = "<group>";
		};
		1B4D019C1EE7CD21009AE905 /* model */ = {
			isa = PBXGroup;
			children = (
				1B4D019D1EE7CD3F009AE905 /* ADModel.swift */,
			);
			name = model;
			sourceTree = "<group>";
		};
		1BF77C551EE644A800E945F3 = {
			isa = PBXGroup;
			children = (
				1BF77C601EE644A800E945F3 /* Fairy */,
				1BF77C751EE644A800E945F3 /* FairyTests */,
				1BF77C5F1EE644A800E945F3 /* Products */,
				296D8D7B34F43C0B60E238D2 /* Pods */,
				82142B820FF8DBE9C996F574 /* Frameworks */,
			);
			sourceTree = "<group>";
		};
		1BF77C5F1EE644A800E945F3 /* Products */ = {
			isa = PBXGroup;
			children = (
				1BF77C5E1EE644A800E945F3 /* Fairy.app */,
				1BF77C721EE644A800E945F3 /* FairyTests.xctest */,
			);
			name = Products;
			sourceTree = "<group>";
		};
		1BF77C601EE644A800E945F3 /* Fairy */ = {
			isa = PBXGroup;
			children = (
				1BF77C811EE6473700E945F3 /* App */,
				1BF77C841EE647A400E945F3 /* Class */,
				1BF77C941EE64FE400E945F3 /* Vendor */,
			);
			path = Fairy;
			sourceTree = "<group>";
		};
		1BF77C751EE644A800E945F3 /* FairyTests */ = {
			isa = PBXGroup;
			children = (
				1BF77C761EE644A800E945F3 /* FairyTests.swift */,
				1BF77C781EE644A800E945F3 /* Info.plist */,
			);
			path = FairyTests;
			sourceTree = "<group>";
		};
		1BF77C811EE6473700E945F3 /* App */ = {
			isa = PBXGroup;
			children = (
				1BF77C821EE6473700E945F3 /* AppDelegate.swift */,
				1BF77C681EE644A800E945F3 /* Assets.xcassets */,
				1BF77C6D1EE644A800E945F3 /* Info.plist */,
				1BF77C6A1EE644A800E945F3 /* LaunchScreen.storyboard */,
				1BF77C911EE649D500E945F3 /* PrefixHeader.swift */,
				1BF77C891EE647CC00E945F3 /* RootViewController.swift */,
				1B1D8DB61F0C856B0058A191 /* BaseViewController.swift */,
			);
			path = App;
			sourceTree = "<group>";
		};
		1BF77C841EE647A400E945F3 /* Class */ = {
			isa = PBXGroup;
			children = (
				1B1CB0441EE78942000F37F1 /* Common */,
				1BF77C851EE647A400E945F3 /* Home */,
				1BF77C871EE647A400E945F3 /* User */,
			);
			path = Class;
			sourceTree = "<group>";
		};
		1BF77C851EE647A400E945F3 /* Home */ = {
			isa = PBXGroup;
			children = (
				1BF77C861EE647A400E945F3 /* Controller */,
				1B4D019C1EE7CD21009AE905 /* model */,
				1BF77CA01EE6B0CD00E945F3 /* view */,
			);
			path = Home;
			sourceTree = "<group>";
		};
		1BF77C861EE647A400E945F3 /* Controller */ = {
			isa = PBXGroup;
			children = (
				1BF77C8B1EE647E100E945F3 /* HomeViewController.swift */,
				1B1D8DB41F0C835B0058A191 /* LiveInfoController.swift */,
			);
			path = Controller;
			sourceTree = "<group>";
		};
		1BF77C871EE647A400E945F3 /* User */ = {
			isa = PBXGroup;
			children = (
				1BF77C881EE647A400E945F3 /* Controller */,
			);
			path = User;
			sourceTree = "<group>";
		};
		1BF77C881EE647A400E945F3 /* Controller */ = {
			isa = PBXGroup;
			children = (
				1BF77C8D1EE647F400E945F3 /* UserViewController.swift */,
				1B468A5A1EF7CFD000AD8711 /* ScanQRCodeController.swift */,
				1B11520B1EF91C0600C0AA66 /* PhotosLibraryController.swift */,
				1B2DC70A1EFA052A00897F12 /* PhotosCollectionController.swift */,
			);
			path = Controller;
			sourceTree = "<group>";
		};
		1BF77C941EE64FE400E945F3 /* Vendor */ = {
			isa = PBXGroup;
			children = (
				1BF77C951EE6515D00E945F3 /* HttpManager.swift */,
				1B4D019F1EE7DC6D009AE905 /* ProgressHUD.swift */,
				1B1152091EF8FD8600C0AA66 /* UIViewController+Tool.swift */,
			);
			path = Vendor;
			sourceTree = "<group>";
		};
		1BF77CA01EE6B0CD00E945F3 /* view */ = {
			isa = PBXGroup;
			children = (
				1B1CB0471EE79004000F37F1 /* BannerScrollView.swift */,
			);
			name = view;
			sourceTree = "<group>";
		};
		296D8D7B34F43C0B60E238D2 /* Pods */ = {
			isa = PBXGroup;
			children = (
				B825A2CA40F99F2EF8DD2BF1 /* Pods-Fairy.debug.xcconfig */,
				66FFEC948F9DB1C8CF0799BC /* Pods-Fairy.release.xcconfig */,
			);
			name = Pods;
			sourceTree = "<group>";
		};
		82142B820FF8DBE9C996F574 /* Frameworks */ = {
			isa = PBXGroup;
			children = (
				E871622DF2A715E032058366 /* Pods_Fairy.framework */,
			);
			name = Frameworks;
			sourceTree = "<group>";
		};
/* End PBXGroup section */

/* Begin PBXNativeTarget section */
		1BF77C5D1EE644A800E945F3 /* Fairy */ = {
			isa = PBXNativeTarget;
			buildConfigurationList = 1BF77C7B1EE644A800E945F3 /* Build configuration list for PBXNativeTarget "Fairy" */;
			buildPhases = (
				10A7883AA680B68FEB32ACDF /* [CP] Check Pods Manifest.lock */,
				1BF77C5A1EE644A800E945F3 /* Sources */,
				1BF77C5B1EE644A800E945F3 /* Frameworks */,
				1BF77C5C1EE644A800E945F3 /* Resources */,
				B80E6719C36B31EFDAC32B9F /* [CP] Embed Pods Frameworks */,
			);
			buildRules = (
			);
			dependencies = (
			);
			name = Fairy;
			productName = Fairy;
			productReference = 1BF77C5E1EE644A800E945F3 /* Fairy.app */;
			productType = "com.apple.product-type.application";
		};
		1BF77C711EE644A800E945F3 /* FairyTests */ = {
			isa = PBXNativeTarget;
			buildConfigurationList = 1BF77C7E1EE644A800E945F3 /* Build configuration list for PBXNativeTarget "FairyTests" */;
			buildPhases = (
				1BF77C6E1EE644A800E945F3 /* Sources */,
				1BF77C6F1EE644A800E945F3 /* Frameworks */,
				1BF77C701EE644A800E945F3 /* Resources */,
			);
			buildRules = (
			);
			dependencies = (
				1BF77C741EE644A800E945F3 /* PBXTargetDependency */,
			);
			name = FairyTests;
			productName = FairyTests;
			productReference = 1BF77C721EE644A800E945F3 /* FairyTests.xctest */;
			productType = "com.apple.product-type.bundle.unit-test";
		};
/* End PBXNativeTarget section */

/* Begin PBXProject section */
		1BF77C561EE644A800E945F3 /* Project object */ = {
			isa = PBXProject;
			attributes = {
				LastSwiftUpdateCheck = 0830;
				LastUpgradeCheck = 1030;
				ORGANIZATIONNAME = "丁鹏飞";
				TargetAttributes = {
					1BF77C5D1EE644A800E945F3 = {
						CreatedOnToolsVersion = 8.3.1;
						DevelopmentTeam = 667L3Y3D6H;
						LastSwiftMigration = 1030;
						ProvisioningStyle = Automatic;
					};
					1BF77C711EE644A800E945F3 = {
						CreatedOnToolsVersion = 8.3.1;
						DevelopmentTeam = 667L3Y3D6H;
						LastSwiftMigration = 1030;
						ProvisioningStyle = Automatic;
						TestTargetID = 1BF77C5D1EE644A800E945F3;
					};
				};
			};
			buildConfigurationList = 1BF77C591EE644A800E945F3 /* Build configuration list for PBXProject "Fairy" */;
			compatibilityVersion = "Xcode 3.2";
			developmentRegion = en;
			hasScannedForEncodings = 0;
			knownRegions = (
				en,
				Base,
			);
			mainGroup = 1BF77C551EE644A800E945F3;
			productRefGroup = 1BF77C5F1EE644A800E945F3 /* Products */;
			projectDirPath = "";
			projectRoot = "";
			targets = (
				1BF77C5D1EE644A800E945F3 /* Fairy */,
				1BF77C711EE644A800E945F3 /* FairyTests */,
			);
		};
/* End PBXProject section */

/* Begin PBXResourcesBuildPhase section */
		1BF77C5C1EE644A800E945F3 /* Resources */ = {
			isa = PBXResourcesBuildPhase;
			buildActionMask = 2147483647;
			files = (
				1BF77C6C1EE644A800E945F3 /* LaunchScreen.storyboard in Resources */,
				1BF77C691EE644A800E945F3 /* Assets.xcassets in Resources */,
			);
			runOnlyForDeploymentPostprocessing = 0;
		};
		1BF77C701EE644A800E945F3 /* Resources */ = {
			isa = PBXResourcesBuildPhase;
			buildActionMask = 2147483647;
			files = (
			);
			runOnlyForDeploymentPostprocessing = 0;
		};
/* End PBXResourcesBuildPhase section */

/* Begin PBXShellScriptBuildPhase section */
		10A7883AA680B68FEB32ACDF /* [CP] Check Pods Manifest.lock */ = {
			isa = PBXShellScriptBuildPhase;
			buildActionMask = 2147483647;
			files = (
			);
			inputPaths = (
				"${PODS_PODFILE_DIR_PATH}/Podfile.lock",
				"${PODS_ROOT}/Manifest.lock",
			);
			name = "[CP] Check Pods Manifest.lock";
			outputPaths = (
				"$(DERIVED_FILE_DIR)/Pods-Fairy-checkManifestLockResult.txt",
			);
			runOnlyForDeploymentPostprocessing = 0;
			shellPath = /bin/sh;
			shellScript = "diff \"${PODS_PODFILE_DIR_PATH}/Podfile.lock\" \"${PODS_ROOT}/Manifest.lock\" > /dev/null\nif [ $? != 0 ] ; then\n    # print error to STDERR\n    echo \"error: The sandbox is not in sync with the Podfile.lock. Run 'pod install' or update your CocoaPods installation.\" >&2\n    exit 1\nfi\n# This output is used by Xcode 'outputs' to avoid re-running this script phase.\necho \"SUCCESS\" > \"${SCRIPT_OUTPUT_FILE_0}\"\n";
			showEnvVarsInLog = 0;
		};
		B80E6719C36B31EFDAC32B9F /* [CP] Embed Pods Frameworks */ = {
			isa = PBXShellScriptBuildPhase;
			buildActionMask = 2147483647;
			files = (
			);
			inputPaths = (
				"${PODS_ROOT}/Target Support Files/Pods-Fairy/Pods-Fairy-frameworks.sh",
				"${BUILT_PRODUCTS_DIR}/Alamofire/Alamofire.framework",
				"${BUILT_PRODUCTS_DIR}/Kingfisher/Kingfisher.framework",
				"${BUILT_PRODUCTS_DIR}/RxSwift/RxSwift.framework",
				"${BUILT_PRODUCTS_DIR}/SwiftyJSON/SwiftyJSON.framework",
			);
			name = "[CP] Embed Pods Frameworks";
			outputPaths = (
				"${TARGET_BUILD_DIR}/${FRAMEWORKS_FOLDER_PATH}/Alamofire.framework",
				"${TARGET_BUILD_DIR}/${FRAMEWORKS_FOLDER_PATH}/Kingfisher.framework",
				"${TARGET_BUILD_DIR}/${FRAMEWORKS_FOLDER_PATH}/RxSwift.framework",
				"${TARGET_BUILD_DIR}/${FRAMEWORKS_FOLDER_PATH}/SwiftyJSON.framework",
			);
			runOnlyForDeploymentPostprocessing = 0;
			shellPath = /bin/sh;
			shellScript = "\"${PODS_ROOT}/Target Support Files/Pods-Fairy/Pods-Fairy-frameworks.sh\"\n";
			showEnvVarsInLog = 0;
		};
/* End PBXShellScriptBuildPhase section */

/* Begin PBXSourcesBuildPhase section */
		1BF77C5A1EE644A800E945F3 /* Sources */ = {
			isa = PBXSourcesBuildPhase;
			buildActionMask = 2147483647;
			files = (
				1B2DC70B1EFA052A00897F12 /* PhotosCollectionController.swift in Sources */,
				1BF77C921EE649D500E945F3 /* PrefixHeader.swift in Sources */,
				1B1CB0481EE79004000F37F1 /* BannerScrollView.swift in Sources */,
				1B1D8DB51F0C835B0058A191 /* LiveInfoController.swift in Sources */,
				1B4D01A01EE7DC6D009AE905 /* ProgressHUD.swift in Sources */,
				1B1CB0461EE78968000F37F1 /* WebViewController.swift in Sources */,
				1B11520A1EF8FD8600C0AA66 /* UIViewController+Tool.swift in Sources */,
				1B1D8DB71F0C856B0058A191 /* BaseViewController.swift in Sources */,
				1B4D019E1EE7CD3F009AE905 /* ADModel.swift in Sources */,
				1BF77C831EE6473700E945F3 /* AppDelegate.swift in Sources */,
				1B11520C1EF91C0600C0AA66 /* PhotosLibraryController.swift in Sources */,
				1BF77C8E1EE647F400E945F3 /* UserViewController.swift in Sources */,
				1BF77C961EE6515D00E945F3 /* HttpManager.swift in Sources */,
				1B468A5B1EF7CFD000AD8711 /* ScanQRCodeController.swift in Sources */,
				1BF77C8A1EE647CC00E945F3 /* RootViewController.swift in Sources */,
				1BF77C8C1EE647E100E945F3 /* HomeViewController.swift in Sources */,
			);
			runOnlyForDeploymentPostprocessing = 0;
		};
		1BF77C6E1EE644A800E945F3 /* Sources */ = {
			isa = PBXSourcesBuildPhase;
			buildActionMask = 2147483647;
			files = (
				1BF77C771EE644A800E945F3 /* FairyTests.swift in Sources */,
			);
			runOnlyForDeploymentPostprocessing = 0;
		};
/* End PBXSourcesBuildPhase section */

/* Begin PBXTargetDependency section */
		1BF77C741EE644A800E945F3 /* PBXTargetDependency */ = {
			isa = PBXTargetDependency;
			target = 1BF77C5D1EE644A800E945F3 /* Fairy */;
			targetProxy = 1BF77C731EE644A800E945F3 /* PBXContainerItemProxy */;
		};
/* End PBXTargetDependency section */

/* Begin PBXVariantGroup section */
		1BF77C6A1EE644A800E945F3 /* LaunchScreen.storyboard */ = {
			isa = PBXVariantGroup;
			children = (
				1BF77C6B1EE644A800E945F3 /* Base */,
			);
			name = LaunchScreen.storyboard;
			path = ..;
			sourceTree = "<group>";
		};
/* End PBXVariantGroup section */

/* Begin XCBuildConfiguration section */
		1BF77C791EE644A800E945F3 /* Debug */ = {
			isa = XCBuildConfiguration;
			buildSettings = {
				ALWAYS_SEARCH_USER_PATHS = NO;
				CLANG_ANALYZER_LOCALIZABILITY_NONLOCALIZED = YES;
				CLANG_ANALYZER_NONNULL = YES;
				CLANG_ANALYZER_NUMBER_OBJECT_CONVERSION = YES_AGGRESSIVE;
				CLANG_CXX_LANGUAGE_STANDARD = "gnu++0x";
				CLANG_CXX_LIBRARY = "libc++";
				CLANG_ENABLE_MODULES = YES;
				CLANG_ENABLE_OBJC_ARC = YES;
				CLANG_WARN_BLOCK_CAPTURE_AUTORELEASING = YES;
				CLANG_WARN_BOOL_CONVERSION = YES;
				CLANG_WARN_COMMA = YES;
				CLANG_WARN_CONSTANT_CONVERSION = YES;
				CLANG_WARN_DEPRECATED_OBJC_IMPLEMENTATIONS = YES;
				CLANG_WARN_DIRECT_OBJC_ISA_USAGE = YES_ERROR;
				CLANG_WARN_DOCUMENTATION_COMMENTS = YES;
				CLANG_WARN_EMPTY_BODY = YES;
				CLANG_WARN_ENUM_CONVERSION = YES;
				CLANG_WARN_INFINITE_RECURSION = YES;
				CLANG_WARN_INT_CONVERSION = YES;
				CLANG_WARN_NON_LITERAL_NULL_CONVERSION = YES;
				CLANG_WARN_OBJC_IMPLICIT_RETAIN_SELF = YES;
				CLANG_WARN_OBJC_LITERAL_CONVERSION = YES;
				CLANG_WARN_OBJC_ROOT_CLASS = YES_ERROR;
				CLANG_WARN_RANGE_LOOP_ANALYSIS = YES;
				CLANG_WARN_STRICT_PROTOTYPES = YES;
				CLANG_WARN_SUSPICIOUS_MOVE = YES;
				CLANG_WARN_UNREACHABLE_CODE = YES;
				CLANG_WARN__DUPLICATE_METHOD_MATCH = YES;
				"CODE_SIGN_IDENTITY[sdk=iphoneos*]" = "iPhone Developer";
				COPY_PHASE_STRIP = NO;
				DEBUG_INFORMATION_FORMAT = dwarf;
				ENABLE_STRICT_OBJC_MSGSEND = YES;
				ENABLE_TESTABILITY = YES;
				GCC_C_LANGUAGE_STANDARD = gnu99;
				GCC_DYNAMIC_NO_PIC = NO;
				GCC_NO_COMMON_BLOCKS = YES;
				GCC_OPTIMIZATION_LEVEL = 0;
				GCC_PREPROCESSOR_DEFINITIONS = (
					"DEBUG=1",
					"$(inherited)",
				);
				GCC_WARN_64_TO_32_BIT_CONVERSION = YES;
				GCC_WARN_ABOUT_RETURN_TYPE = YES_ERROR;
				GCC_WARN_UNDECLARED_SELECTOR = YES;
				GCC_WARN_UNINITIALIZED_AUTOS = YES_AGGRESSIVE;
				GCC_WARN_UNUSED_FUNCTION = YES;
				GCC_WARN_UNUSED_VARIABLE = YES;
				IPHONEOS_DEPLOYMENT_TARGET = 11.0;
				MTL_ENABLE_DEBUG_INFO = YES;
				ONLY_ACTIVE_ARCH = YES;
				SDKROOT = iphoneos;
				SWIFT_ACTIVE_COMPILATION_CONDITIONS = DEBUG;
				SWIFT_OPTIMIZATION_LEVEL = "-Onone";
			};
			name = Debug;
		};
		1BF77C7A1EE644A800E945F3 /* Release */ = {
			isa = XCBuildConfiguration;
			buildSettings = {
				ALWAYS_SEARCH_USER_PATHS = NO;
				CLANG_ANALYZER_LOCALIZABILITY_NONLOCALIZED = YES;
				CLANG_ANALYZER_NONNULL = YES;
				CLANG_ANALYZER_NUMBER_OBJECT_CONVERSION = YES_AGGRESSIVE;
				CLANG_CXX_LANGUAGE_STANDARD = "gnu++0x";
				CLANG_CXX_LIBRARY = "libc++";
				CLANG_ENABLE_MODULES = YES;
				CLANG_ENABLE_OBJC_ARC = YES;
				CLANG_WARN_BLOCK_CAPTURE_AUTORELEASING = YES;
				CLANG_WARN_BOOL_CONVERSION = YES;
				CLANG_WARN_COMMA = YES;
				CLANG_WARN_CONSTANT_CONVERSION = YES;
				CLANG_WARN_DEPRECATED_OBJC_IMPLEMENTATIONS = YES;
				CLANG_WARN_DIRECT_OBJC_ISA_USAGE = YES_ERROR;
				CLANG_WARN_DOCUMENTATION_COMMENTS = YES;
				CLANG_WARN_EMPTY_BODY = YES;
				CLANG_WARN_ENUM_CONVERSION = YES;
				CLANG_WARN_INFINITE_RECURSION = YES;
				CLANG_WARN_INT_CONVERSION = YES;
				CLANG_WARN_NON_LITERAL_NULL_CONVERSION = YES;
				CLANG_WARN_OBJC_IMPLICIT_RETAIN_SELF = YES;
				CLANG_WARN_OBJC_LITERAL_CONVERSION = YES;
				CLANG_WARN_OBJC_ROOT_CLASS = YES_ERROR;
				CLANG_WARN_RANGE_LOOP_ANALYSIS = YES;
				CLANG_WARN_STRICT_PROTOTYPES = YES;
				CLANG_WARN_SUSPICIOUS_MOVE = YES;
				CLANG_WARN_UNREACHABLE_CODE = YES;
				CLANG_WARN__DUPLICATE_METHOD_MATCH = YES;
				"CODE_SIGN_IDENTITY[sdk=iphoneos*]" = "iPhone Developer";
				COPY_PHASE_STRIP = NO;
				DEBUG_INFORMATION_FORMAT = "dwarf-with-dsym";
				ENABLE_NS_ASSERTIONS = NO;
				ENABLE_STRICT_OBJC_MSGSEND = YES;
				GCC_C_LANGUAGE_STANDARD = gnu99;
				GCC_NO_COMMON_BLOCKS = YES;
				GCC_WARN_64_TO_32_BIT_CONVERSION = YES;
				GCC_WARN_ABOUT_RETURN_TYPE = YES_ERROR;
				GCC_WARN_UNDECLARED_SELECTOR = YES;
				GCC_WARN_UNINITIALIZED_AUTOS = YES_AGGRESSIVE;
				GCC_WARN_UNUSED_FUNCTION = YES;
				GCC_WARN_UNUSED_VARIABLE = YES;
				IPHONEOS_DEPLOYMENT_TARGET = 11.0;
				MTL_ENABLE_DEBUG_INFO = NO;
				SDKROOT = iphoneos;
				SWIFT_OPTIMIZATION_LEVEL = "-Owholemodule";
				VALIDATE_PRODUCT = YES;
			};
			name = Release;
		};
		1BF77C7C1EE644A800E945F3 /* Debug */ = {
			isa = XCBuildConfiguration;
			baseConfigurationReference = B825A2CA40F99F2EF8DD2BF1 /* Pods-Fairy.debug.xcconfig */;
			buildSettings = {
				ASSETCATALOG_COMPILER_APPICON_NAME = AppIcon;
				DEVELOPMENT_TEAM = 667L3Y3D6H;
				GCC_PRECOMPILE_PREFIX_HEADER = NO;
				GCC_PREFIX_HEADER = "";
				INFOPLIST_FILE = Fairy/Info.plist;
				IPHONEOS_DEPLOYMENT_TARGET = 8.0;
				LD_RUNPATH_SEARCH_PATHS = "$(inherited) @executable_path/Frameworks";
				PRODUCT_BUNDLE_IDENTIFIER = com.dpf.Fairy;
				PRODUCT_NAME = "$(TARGET_NAME)";
				SWIFT_VERSION = 5.0;
			};
			name = Debug;
		};
		1BF77C7D1EE644A800E945F3 /* Release */ = {
			isa = XCBuildConfiguration;
			baseConfigurationReference = 66FFEC948F9DB1C8CF0799BC /* Pods-Fairy.release.xcconfig */;
			buildSettings = {
				ASSETCATALOG_COMPILER_APPICON_NAME = AppIcon;
				DEVELOPMENT_TEAM = 667L3Y3D6H;
				GCC_PRECOMPILE_PREFIX_HEADER = NO;
				GCC_PREFIX_HEADER = "";
				INFOPLIST_FILE = Fairy/Info.plist;
				IPHONEOS_DEPLOYMENT_TARGET = 8.0;
				LD_RUNPATH_SEARCH_PATHS = "$(inherited) @executable_path/Frameworks";
				PRODUCT_BUNDLE_IDENTIFIER = com.dpf.Fairy;
				PRODUCT_NAME = "$(TARGET_NAME)";
				SWIFT_VERSION = 5.0;
			};
			name = Release;
		};
		1BF77C7F1EE644A800E945F3 /* Debug */ = {
			isa = XCBuildConfiguration;
			buildSettings = {
				ALWAYS_EMBED_SWIFT_STANDARD_LIBRARIES = YES;
				BUNDLE_LOADER = "$(TEST_HOST)";
				DEVELOPMENT_TEAM = 667L3Y3D6H;
				INFOPLIST_FILE = FairyTests/Info.plist;
				LD_RUNPATH_SEARCH_PATHS = "$(inherited) @executable_path/Frameworks @loader_path/Frameworks";
				PRODUCT_BUNDLE_IDENTIFIER = com.dpf.FairyTests;
				PRODUCT_NAME = "$(TARGET_NAME)";
				SWIFT_VERSION = 5.0;
				TEST_HOST = "$(BUILT_PRODUCTS_DIR)/Fairy.app/Fairy";
			};
			name = Debug;
		};
		1BF77C801EE644A800E945F3 /* Release */ = {
			isa = XCBuildConfiguration;
			buildSettings = {
				ALWAYS_EMBED_SWIFT_STANDARD_LIBRARIES = YES;
				BUNDLE_LOADER = "$(TEST_HOST)";
				DEVELOPMENT_TEAM = 667L3Y3D6H;
				INFOPLIST_FILE = FairyTests/Info.plist;
				LD_RUNPATH_SEARCH_PATHS = "$(inherited) @executable_path/Frameworks @loader_path/Frameworks";
				PRODUCT_BUNDLE_IDENTIFIER = com.dpf.FairyTests;
				PRODUCT_NAME = "$(TARGET_NAME)";
				SWIFT_VERSION = 5.0;
				TEST_HOST = "$(BUILT_PRODUCTS_DIR)/Fairy.app/Fairy";
			};
			name = Release;
		};
/* End XCBuildConfiguration section */

/* Begin XCConfigurationList section */
		1BF77C591EE644A800E945F3 /* Build configuration list for PBXProject "Fairy" */ = {
			isa = XCConfigurationList;
			buildConfigurations = (
				1BF77C791EE644A800E945F3 /* Debug */,
				1BF77C7A1EE644A800E945F3 /* Release */,
			);
			defaultConfigurationIsVisible = 0;
			defaultConfigurationName = Release;
		};
		1BF77C7B1EE644A800E945F3 /* Build configuration list for PBXNativeTarget "Fairy" */ = {
			isa = XCConfigurationList;
			buildConfigurations = (
				1BF77C7C1EE644A800E945F3 /* Debug */,
				1BF77C7D1EE644A800E945F3 /* Release */,
			);
			defaultConfigurationIsVisible = 0;
			defaultConfigurationName = Release;
		};
		1BF77C7E1EE644A800E945F3 /* Build configuration list for PBXNativeTarget "FairyTests" */ = {
			isa = XCConfigurationList;
			buildConfigurations = (
				1BF77C7F1EE644A800E945F3 /* Debug */,
				1BF77C801EE644A800E945F3 /* Release */,
			);
			defaultConfigurationIsVisible = 0;
			defaultConfigurationName = Release;
		};
/* End XCConfigurationList section */
	};
	rootObject = 1BF77C561EE644A800E945F3 /* Project object */;
}
