PODS:
  - Alamofire (4.5.1)
  - Kingfisher (4.1.0)
  - SwiftyJSON (3.1.4)

DEPENDENCIES:
  - Alamofire
  - Kingfisher
  - SwiftyJSON

SPEC CHECKSUMS:
  Alamofire: 2d95912bf4c34f164fdfc335872e8c312acaea4a
  Kingfisher: f14df8cbe576bf55f211fa589e9869bceb4ea87d
  SwiftyJSON: c2842d878f95482ffceec5709abc3d05680c0220

PODFILE CHECKSUM: dddc05b7aa7eee18f254869dcffd8db99a23f9a7

COCOAPODS: 1.4.0.beta.1
